
Microsoft Visual Studio Solution File, Format Version 12.00
# Visual Studio Version 17
VisualStudioVersion = 17.0.31903.59
MinimumVisualStudioVersion = 10.0.40219.1
Project("{2150E333-8FDC-42A3-9474-1A3956D46DE8}") = "migrations", "migrations", "{D4C4D1C2-DE9C-AF20-17FD-0A3EB2BFD436}"
EndProject
Project("{FAE04EC0-301F-11D3-BF4B-00C04F79EFBC}") = "Csnp.Migrations.Credential", "migrations\Csnp.Migrations.Credential\Csnp.Migrations.Credential.csproj", "{301269F3-BF14-4CC5-A706-3CBA10313C89}"
EndProject
Project("{FAE04EC0-301F-11D3-BF4B-00C04F79EFBC}") = "Csnp.Migrations.Notification", "migrations\Csnp.Migrations.Notification\Csnp.Migrations.Notification.csproj", "{AD47D52E-FB17-4CC3-B31E-E8EE83B1A4C2}"
EndProject
Project("{2150E333-8FDC-42A3-9474-1A3956D46DE8}") = "shared", "shared", "{4F52FD11-658E-A102-6CD3-7D7C16FFA15B}"
	ProjectSection(SolutionItems) = preProject
		shared\README.md = shared\README.md
	EndProjectSection
EndProject
Project("{FAE04EC0-301F-11D3-BF4B-00C04F79EFBC}") = "Csnp.EventBus", "shared\Csnp.EventBus\Csnp.EventBus.csproj", "{7795F6D9-ACBD-4A8B-A8FD-A96543F3D203}"
EndProject
Project("{FAE04EC0-301F-11D3-BF4B-00C04F79EFBC}") = "Csnp.Security.Infrastructure", "shared\Csnp.Security.Infrastructure\Csnp.Security.Infrastructure.csproj", "{C370025D-8ACD-40B0-A0D6-1920C83A8932}"
EndProject
Project("{FAE04EC0-301F-11D3-BF4B-00C04F79EFBC}") = "Csnp.SeedWork", "shared\Csnp.SeedWork\Csnp.SeedWork.csproj", "{0153C738-DB3C-401E-A412-7405D8785C24}"
EndProject
Project("{FAE04EC0-301F-11D3-BF4B-00C04F79EFBC}") = "Csnp.SharedKernel.Application", "shared\Csnp.SharedKernel.Application\Csnp.SharedKernel.Application.csproj", "{73D7FE80-BBA0-48E8-8F87-B3D1F0C57BBE}"
EndProject
Project("{FAE04EC0-301F-11D3-BF4B-00C04F79EFBC}") = "Csnp.SharedKernel.Domain", "shared\Csnp.SharedKernel.Domain\Csnp.SharedKernel.Domain.csproj", "{6567720A-5EB6-47E1-ADFA-64CEA0CA28AE}"
EndProject
Project("{FAE04EC0-301F-11D3-BF4B-00C04F79EFBC}") = "Csnp.SharedKernel.Infrastructure", "shared\Csnp.SharedKernel.Infrastructure\Csnp.SharedKernel.Infrastructure.csproj", "{FF60C6F7-4CA2-497B-BE03-319D7EEF2C38}"
EndProject
Project("{2150E333-8FDC-42A3-9474-1A3956D46DE8}") = "src", "src", "{827E0CD3-B72D-47B6-A68D-7590B98EB39B}"
EndProject
Project("{2150E333-8FDC-42A3-9474-1A3956D46DE8}") = "Credential", "Credential", "{AE519539-68DF-ADE8-2C89-95EEF9B075DC}"
EndProject
Project("{FAE04EC0-301F-11D3-BF4B-00C04F79EFBC}") = "Csnp.Credential.Api", "src\Credential\Csnp.Credential.Api\Csnp.Credential.Api.csproj", "{79FAF424-2788-4240-9D5C-CB43DE54E5DC}"
EndProject
Project("{FAE04EC0-301F-11D3-BF4B-00C04F79EFBC}") = "Csnp.Credential.Application", "src\Credential\Csnp.Credential.Application\Csnp.Credential.Application.csproj", "{DC020A6F-F4BC-47D7-ADBD-40E25D3E0004}"
EndProject
Project("{FAE04EC0-301F-11D3-BF4B-00C04F79EFBC}") = "Csnp.Credential.Domain", "src\Credential\Csnp.Credential.Domain\Csnp.Credential.Domain.csproj", "{0F9443A4-5B15-43DA-93CC-BA20B05EEC4C}"
EndProject
Project("{FAE04EC0-301F-11D3-BF4B-00C04F79EFBC}") = "Csnp.Credential.Infrastructure", "src\Credential\Csnp.Credential.Infrastructure\Csnp.Credential.Infrastructure.csproj", "{E5C98F34-A864-4136-9733-A6393602C23F}"
EndProject
Project("{2150E333-8FDC-42A3-9474-1A3956D46DE8}") = "Notification", "Notification", "{70BAA7F9-7914-E584-5739-8B02C132DCC7}"
EndProject
Project("{FAE04EC0-301F-11D3-BF4B-00C04F79EFBC}") = "Csnp.Notification.Api", "src\Notification\Csnp.Notification.Api\Csnp.Notification.Api.csproj", "{FC7AB908-2FFF-45E5-B84A-6CC74F97E744}"
EndProject
Project("{FAE04EC0-301F-11D3-BF4B-00C04F79EFBC}") = "Csnp.Notification.Application", "src\Notification\Csnp.Notification.Application\Csnp.Notification.Application.csproj", "{F978B8C3-E305-4EFB-BEF7-3A2BDA16B6DA}"
EndProject
Project("{FAE04EC0-301F-11D3-BF4B-00C04F79EFBC}") = "Csnp.Notification.Domain", "src\Notification\Csnp.Notification.Domain\Csnp.Notification.Domain.csproj", "{B58D0F47-1955-48D0-A702-9A8280F357CD}"
EndProject
Project("{FAE04EC0-301F-11D3-BF4B-00C04F79EFBC}") = "Csnp.Notification.Infrastructure", "src\Notification\Csnp.Notification.Infrastructure\Csnp.Notification.Infrastructure.csproj", "{3C59F8BD-6FA5-467C-938D-6A36FB72E170}"
EndProject
Project("{2150E333-8FDC-42A3-9474-1A3956D46DE8}") = "Presentation", "Presentation", "{6996BBF7-DB31-59BC-C7DD-9A7CCC6138C4}"
EndProject
Project("{FAE04EC0-301F-11D3-BF4B-00C04F79EFBC}") = "Csnp.Presentation.Web", "src\Presentation\Csnp.Presentation.Web\Csnp.Presentation.Web.csproj", "{E06D5C0D-6EC0-461D-A9A4-35211328105D}"
EndProject
Project("{2150E333-8FDC-42A3-9474-1A3956D46DE8}") = "tests", "tests", "{0AB3BF05-4346-4AA6-1389-037BE0695223}"
EndProject
Project("{FAE04EC0-301F-11D3-BF4B-00C04F79EFBC}") = "Csnp.Credential.Tests.Architecture", "tests\Csnp.Credential.Tests.Architecture\Csnp.Credential.Tests.Architecture.csproj", "{F31CE0AE-275F-4061-95D4-2281EB24608B}"
EndProject
Project("{FAE04EC0-301F-11D3-BF4B-00C04F79EFBC}") = "Csnp.Credential.Tests.Integration", "tests\Csnp.Credential.Tests.Integration\Csnp.Credential.Tests.Integration.csproj", "{BC1DC4EA-71BA-419F-8E75-1ABD3D65B872}"
EndProject
Project("{FAE04EC0-301F-11D3-BF4B-00C04F79EFBC}") = "Csnp.Credential.Tests.Unit", "tests\Csnp.Credential.Tests.Unit\Csnp.Credential.Tests.Unit.csproj", "{DB8AC1A6-7BF9-40C8-9931-05F4A0CAFBAB}"
EndProject
Project("{FAE04EC0-301F-11D3-BF4B-00C04F79EFBC}") = "Csnp.Notification.Tests.Architecture", "tests\Csnp.Notification.Tests.Architecture\Csnp.Notification.Tests.Architecture.csproj", "{A6D681CA-15AE-483B-82FC-556103C2AFF4}"
EndProject
Project("{FAE04EC0-301F-11D3-BF4B-00C04F79EFBC}") = "Csnp.Notification.Tests.Integration", "tests\Csnp.Notification.Tests.Integration\Csnp.Notification.Tests.Integration.csproj", "{D601E7EB-6C12-4783-94F4-09CFB6E067EF}"
EndProject
Project("{FAE04EC0-301F-11D3-BF4B-00C04F79EFBC}") = "Csnp.Notification.Tests.Unit", "tests\Csnp.Notification.Tests.Unit\Csnp.Notification.Tests.Unit.csproj", "{C49D3576-89E0-46DB-9FF8-7F6AFA697429}"
EndProject
Project("{FAE04EC0-301F-11D3-BF4B-00C04F79EFBC}") = "Csnp.Presentation.Common", "shared\Csnp.Presentation.Common\Csnp.Presentation.Common.csproj", "{09BAD4FD-6222-5535-AED1-2E6D7BD0E451}"
EndProject
Project("{FAE04EC0-301F-11D3-BF4B-00C04F79EFBC}") = "Csnp.SharedKernel.Configuration", "shared\Csnp.SharedKernel.Configuration\Csnp.SharedKernel.Configuration.csproj", "{673B7B73-1412-649F-9739-20599C1AFE61}"
EndProject
Project("{2150E333-8FDC-42A3-9474-1A3956D46DE8}") = "docs", "docs", "{02EA681E-C7D8-13C7-8484-4AC65E1B71E8}"
	ProjectSection(SolutionItems) = preProject
		docs\architecture.md = docs\architecture.md
		docs\cqrs-pattern.md = docs\cqrs-pattern.md
		docs\domain-layer-comparison.md = docs\domain-layer-comparison.md
		docs\domain-structure.md = docs\domain-structure.md
		docs\dotnet-format-guide.md = docs\dotnet-format-guide.md
		docs\event-driven-design.md = docs\event-driven-design.md
		docs\restful-api-guideline.md = docs\restful-api-guideline.md
	EndProjectSection
EndProject
Project("{FAE04EC0-301F-11D3-BF4B-00C04F79EFBC}") = "Csnp.SharedKernel.Configuration.Tests.Unit", "tests\Csnp.SharedKernel.Configuration.Tests.Unit\Csnp.SharedKernel.Configuration.Tests.Unit.csproj", "{4D375A83-23C6-BED0-8BBD-E4CDA3D0A9BA}"
EndProject
Project("{FAE04EC0-301F-11D3-BF4B-00C04F79EFBC}") = "Csnp.SeedWork.Tests.Unit", "tests\Csnp.SharedKernel.Tests.Unit\Csnp.SeedWork.Tests.Unit.csproj", "{CC09D91B-06A1-1D2D-5F4B-F7140A16FE44}"
EndProject
Global
	GlobalSection(SolutionConfigurationPlatforms) = preSolution
		Debug|Any CPU = Debug|Any CPU
		Debug|x64 = Debug|x64
		Debug|x86 = Debug|x86
		Release|Any CPU = Release|Any CPU
		Release|x64 = Release|x64
		Release|x86 = Release|x86
	EndGlobalSection
	GlobalSection(ProjectConfigurationPlatforms) = postSolution
		{301269F3-BF14-4CC5-A706-3CBA10313C89}.Debug|Any CPU.ActiveCfg = Debug|Any CPU
		{301269F3-BF14-4CC5-A706-3CBA10313C89}.Debug|Any CPU.Build.0 = Debug|Any CPU
		{301269F3-BF14-4CC5-A706-3CBA10313C89}.Debug|x64.ActiveCfg = Debug|Any CPU
		{301269F3-BF14-4CC5-A706-3CBA10313C89}.Debug|x64.Build.0 = Debug|Any CPU
		{301269F3-BF14-4CC5-A706-3CBA10313C89}.Debug|x86.ActiveCfg = Debug|Any CPU
		{301269F3-BF14-4CC5-A706-3CBA10313C89}.Debug|x86.Build.0 = Debug|Any CPU
		{301269F3-BF14-4CC5-A706-3CBA10313C89}.Release|Any CPU.ActiveCfg = Release|Any CPU
		{301269F3-BF14-4CC5-A706-3CBA10313C89}.Release|Any CPU.Build.0 = Release|Any CPU
		{301269F3-BF14-4CC5-A706-3CBA10313C89}.Release|x64.ActiveCfg = Release|Any CPU
		{301269F3-BF14-4CC5-A706-3CBA10313C89}.Release|x64.Build.0 = Release|Any CPU
		{301269F3-BF14-4CC5-A706-3CBA10313C89}.Release|x86.ActiveCfg = Release|Any CPU
		{301269F3-BF14-4CC5-A706-3CBA10313C89}.Release|x86.Build.0 = Release|Any CPU
		{AD47D52E-FB17-4CC3-B31E-E8EE83B1A4C2}.Debug|Any CPU.ActiveCfg = Debug|Any CPU
		{AD47D52E-FB17-4CC3-B31E-E8EE83B1A4C2}.Debug|Any CPU.Build.0 = Debug|Any CPU
		{AD47D52E-FB17-4CC3-B31E-E8EE83B1A4C2}.Debug|x64.ActiveCfg = Debug|Any CPU
		{AD47D52E-FB17-4CC3-B31E-E8EE83B1A4C2}.Debug|x64.Build.0 = Debug|Any CPU
		{AD47D52E-FB17-4CC3-B31E-E8EE83B1A4C2}.Debug|x86.ActiveCfg = Debug|Any CPU
		{AD47D52E-FB17-4CC3-B31E-E8EE83B1A4C2}.Debug|x86.Build.0 = Debug|Any CPU
		{AD47D52E-FB17-4CC3-B31E-E8EE83B1A4C2}.Release|Any CPU.ActiveCfg = Release|Any CPU
		{AD47D52E-FB17-4CC3-B31E-E8EE83B1A4C2}.Release|Any CPU.Build.0 = Release|Any CPU
		{AD47D52E-FB17-4CC3-B31E-E8EE83B1A4C2}.Release|x64.ActiveCfg = Release|Any CPU
		{AD47D52E-FB17-4CC3-B31E-E8EE83B1A4C2}.Release|x64.Build.0 = Release|Any CPU
		{AD47D52E-FB17-4CC3-B31E-E8EE83B1A4C2}.Release|x86.ActiveCfg = Release|Any CPU
		{AD47D52E-FB17-4CC3-B31E-E8EE83B1A4C2}.Release|x86.Build.0 = Release|Any CPU
		{7795F6D9-ACBD-4A8B-A8FD-A96543F3D203}.Debug|Any CPU.ActiveCfg = Debug|Any CPU
		{7795F6D9-ACBD-4A8B-A8FD-A96543F3D203}.Debug|Any CPU.Build.0 = Debug|Any CPU
		{7795F6D9-ACBD-4A8B-A8FD-A96543F3D203}.Debug|x64.ActiveCfg = Debug|Any CPU
		{7795F6D9-ACBD-4A8B-A8FD-A96543F3D203}.Debug|x64.Build.0 = Debug|Any CPU
		{7795F6D9-ACBD-4A8B-A8FD-A96543F3D203}.Debug|x86.ActiveCfg = Debug|Any CPU
		{7795F6D9-ACBD-4A8B-A8FD-A96543F3D203}.Debug|x86.Build.0 = Debug|Any CPU
		{7795F6D9-ACBD-4A8B-A8FD-A96543F3D203}.Release|Any CPU.ActiveCfg = Release|Any CPU
		{7795F6D9-ACBD-4A8B-A8FD-A96543F3D203}.Release|Any CPU.Build.0 = Release|Any CPU
		{7795F6D9-ACBD-4A8B-A8FD-A96543F3D203}.Release|x64.ActiveCfg = Release|Any CPU
		{7795F6D9-ACBD-4A8B-A8FD-A96543F3D203}.Release|x64.Build.0 = Release|Any CPU
		{7795F6D9-ACBD-4A8B-A8FD-A96543F3D203}.Release|x86.ActiveCfg = Release|Any CPU
		{7795F6D9-ACBD-4A8B-A8FD-A96543F3D203}.Release|x86.Build.0 = Release|Any CPU
		{C370025D-8ACD-40B0-A0D6-1920C83A8932}.Debug|Any CPU.ActiveCfg = Debug|Any CPU
		{C370025D-8ACD-40B0-A0D6-1920C83A8932}.Debug|Any CPU.Build.0 = Debug|Any CPU
		{C370025D-8ACD-40B0-A0D6-1920C83A8932}.Debug|x64.ActiveCfg = Debug|Any CPU
		{C370025D-8ACD-40B0-A0D6-1920C83A8932}.Debug|x64.Build.0 = Debug|Any CPU
		{C370025D-8ACD-40B0-A0D6-1920C83A8932}.Debug|x86.ActiveCfg = Debug|Any CPU
		{C370025D-8ACD-40B0-A0D6-1920C83A8932}.Debug|x86.Build.0 = Debug|Any CPU
		{C370025D-8ACD-40B0-A0D6-1920C83A8932}.Release|Any CPU.ActiveCfg = Release|Any CPU
		{C370025D-8ACD-40B0-A0D6-1920C83A8932}.Release|Any CPU.Build.0 = Release|Any CPU
		{C370025D-8ACD-40B0-A0D6-1920C83A8932}.Release|x64.ActiveCfg = Release|Any CPU
		{C370025D-8ACD-40B0-A0D6-1920C83A8932}.Release|x64.Build.0 = Release|Any CPU
		{C370025D-8ACD-40B0-A0D6-1920C83A8932}.Release|x86.ActiveCfg = Release|Any CPU
		{C370025D-8ACD-40B0-A0D6-1920C83A8932}.Release|x86.Build.0 = Release|Any CPU
		{0153C738-DB3C-401E-A412-7405D8785C24}.Debug|Any CPU.ActiveCfg = Debug|Any CPU
		{0153C738-DB3C-401E-A412-7405D8785C24}.Debug|Any CPU.Build.0 = Debug|Any CPU
		{0153C738-DB3C-401E-A412-7405D8785C24}.Debug|x64.ActiveCfg = Debug|Any CPU
		{0153C738-DB3C-401E-A412-7405D8785C24}.Debug|x64.Build.0 = Debug|Any CPU
		{0153C738-DB3C-401E-A412-7405D8785C24}.Debug|x86.ActiveCfg = Debug|Any CPU
		{0153C738-DB3C-401E-A412-7405D8785C24}.Debug|x86.Build.0 = Debug|Any CPU
		{0153C738-DB3C-401E-A412-7405D8785C24}.Release|Any CPU.ActiveCfg = Release|Any CPU
		{0153C738-DB3C-401E-A412-7405D8785C24}.Release|Any CPU.Build.0 = Release|Any CPU
		{0153C738-DB3C-401E-A412-7405D8785C24}.Release|x64.ActiveCfg = Release|Any CPU
		{0153C738-DB3C-401E-A412-7405D8785C24}.Release|x64.Build.0 = Release|Any CPU
		{0153C738-DB3C-401E-A412-7405D8785C24}.Release|x86.ActiveCfg = Release|Any CPU
		{0153C738-DB3C-401E-A412-7405D8785C24}.Release|x86.Build.0 = Release|Any CPU
		{73D7FE80-BBA0-48E8-8F87-B3D1F0C57BBE}.Debug|Any CPU.ActiveCfg = Debug|Any CPU
		{73D7FE80-BBA0-48E8-8F87-B3D1F0C57BBE}.Debug|Any CPU.Build.0 = Debug|Any CPU
		{73D7FE80-BBA0-48E8-8F87-B3D1F0C57BBE}.Debug|x64.ActiveCfg = Debug|Any CPU
		{73D7FE80-BBA0-48E8-8F87-B3D1F0C57BBE}.Debug|x64.Build.0 = Debug|Any CPU
		{73D7FE80-BBA0-48E8-8F87-B3D1F0C57BBE}.Debug|x86.ActiveCfg = Debug|Any CPU
		{73D7FE80-BBA0-48E8-8F87-B3D1F0C57BBE}.Debug|x86.Build.0 = Debug|Any CPU
		{73D7FE80-BBA0-48E8-8F87-B3D1F0C57BBE}.Release|Any CPU.ActiveCfg = Release|Any CPU
		{73D7FE80-BBA0-48E8-8F87-B3D1F0C57BBE}.Release|Any CPU.Build.0 = Release|Any CPU
		{73D7FE80-BBA0-48E8-8F87-B3D1F0C57BBE}.Release|x64.ActiveCfg = Release|Any CPU
		{73D7FE80-BBA0-48E8-8F87-B3D1F0C57BBE}.Release|x64.Build.0 = Release|Any CPU
		{73D7FE80-BBA0-48E8-8F87-B3D1F0C57BBE}.Release|x86.ActiveCfg = Release|Any CPU
		{73D7FE80-BBA0-48E8-8F87-B3D1F0C57BBE}.Release|x86.Build.0 = Release|Any CPU
		{6567720A-5EB6-47E1-ADFA-64CEA0CA28AE}.Debug|Any CPU.ActiveCfg = Debug|Any CPU
		{6567720A-5EB6-47E1-ADFA-64CEA0CA28AE}.Debug|Any CPU.Build.0 = Debug|Any CPU
		{6567720A-5EB6-47E1-ADFA-64CEA0CA28AE}.Debug|x64.ActiveCfg = Debug|Any CPU
		{6567720A-5EB6-47E1-ADFA-64CEA0CA28AE}.Debug|x64.Build.0 = Debug|Any CPU
		{6567720A-5EB6-47E1-ADFA-64CEA0CA28AE}.Debug|x86.ActiveCfg = Debug|Any CPU
		{6567720A-5EB6-47E1-ADFA-64CEA0CA28AE}.Debug|x86.Build.0 = Debug|Any CPU
		{6567720A-5EB6-47E1-ADFA-64CEA0CA28AE}.Release|Any CPU.ActiveCfg = Release|Any CPU
		{6567720A-5EB6-47E1-ADFA-64CEA0CA28AE}.Release|Any CPU.Build.0 = Release|Any CPU
		{6567720A-5EB6-47E1-ADFA-64CEA0CA28AE}.Release|x64.ActiveCfg = Release|Any CPU
		{6567720A-5EB6-47E1-ADFA-64CEA0CA28AE}.Release|x64.Build.0 = Release|Any CPU
		{6567720A-5EB6-47E1-ADFA-64CEA0CA28AE}.Release|x86.ActiveCfg = Release|Any CPU
		{6567720A-5EB6-47E1-ADFA-64CEA0CA28AE}.Release|x86.Build.0 = Release|Any CPU
		{FF60C6F7-4CA2-497B-BE03-319D7EEF2C38}.Debug|Any CPU.ActiveCfg = Debug|Any CPU
		{FF60C6F7-4CA2-497B-BE03-319D7EEF2C38}.Debug|Any CPU.Build.0 = Debug|Any CPU
		{FF60C6F7-4CA2-497B-BE03-319D7EEF2C38}.Debug|x64.ActiveCfg = Debug|Any CPU
		{FF60C6F7-4CA2-497B-BE03-319D7EEF2C38}.Debug|x64.Build.0 = Debug|Any CPU
		{FF60C6F7-4CA2-497B-BE03-319D7EEF2C38}.Debug|x86.ActiveCfg = Debug|Any CPU
		{FF60C6F7-4CA2-497B-BE03-319D7EEF2C38}.Debug|x86.Build.0 = Debug|Any CPU
		{FF60C6F7-4CA2-497B-BE03-319D7EEF2C38}.Release|Any CPU.ActiveCfg = Release|Any CPU
		{FF60C6F7-4CA2-497B-BE03-319D7EEF2C38}.Release|Any CPU.Build.0 = Release|Any CPU
		{FF60C6F7-4CA2-497B-BE03-319D7EEF2C38}.Release|x64.ActiveCfg = Release|Any CPU
		{FF60C6F7-4CA2-497B-BE03-319D7EEF2C38}.Release|x64.Build.0 = Release|Any CPU
		{FF60C6F7-4CA2-497B-BE03-319D7EEF2C38}.Release|x86.ActiveCfg = Release|Any CPU
		{FF60C6F7-4CA2-497B-BE03-319D7EEF2C38}.Release|x86.Build.0 = Release|Any CPU
		{79FAF424-2788-4240-9D5C-CB43DE54E5DC}.Debug|Any CPU.ActiveCfg = Debug|Any CPU
		{79FAF424-2788-4240-9D5C-CB43DE54E5DC}.Debug|Any CPU.Build.0 = Debug|Any CPU
		{79FAF424-2788-4240-9D5C-CB43DE54E5DC}.Debug|x64.ActiveCfg = Debug|Any CPU
		{79FAF424-2788-4240-9D5C-CB43DE54E5DC}.Debug|x64.Build.0 = Debug|Any CPU
		{79FAF424-2788-4240-9D5C-CB43DE54E5DC}.Debug|x86.ActiveCfg = Debug|Any CPU
		{79FAF424-2788-4240-9D5C-CB43DE54E5DC}.Debug|x86.Build.0 = Debug|Any CPU
		{79FAF424-2788-4240-9D5C-CB43DE54E5DC}.Release|Any CPU.ActiveCfg = Release|Any CPU
		{79FAF424-2788-4240-9D5C-CB43DE54E5DC}.Release|Any CPU.Build.0 = Release|Any CPU
		{79FAF424-2788-4240-9D5C-CB43DE54E5DC}.Release|x64.ActiveCfg = Release|Any CPU
		{79FAF424-2788-4240-9D5C-CB43DE54E5DC}.Release|x64.Build.0 = Release|Any CPU
		{79FAF424-2788-4240-9D5C-CB43DE54E5DC}.Release|x86.ActiveCfg = Release|Any CPU
		{79FAF424-2788-4240-9D5C-CB43DE54E5DC}.Release|x86.Build.0 = Release|Any CPU
		{DC020A6F-F4BC-47D7-ADBD-40E25D3E0004}.Debug|Any CPU.ActiveCfg = Debug|Any CPU
		{DC020A6F-F4BC-47D7-ADBD-40E25D3E0004}.Debug|Any CPU.Build.0 = Debug|Any CPU
		{DC020A6F-F4BC-47D7-ADBD-40E25D3E0004}.Debug|x64.ActiveCfg = Debug|Any CPU
		{DC020A6F-F4BC-47D7-ADBD-40E25D3E0004}.Debug|x64.Build.0 = Debug|Any CPU
		{DC020A6F-F4BC-47D7-ADBD-40E25D3E0004}.Debug|x86.ActiveCfg = Debug|Any CPU
		{DC020A6F-F4BC-47D7-ADBD-40E25D3E0004}.Debug|x86.Build.0 = Debug|Any CPU
		{DC020A6F-F4BC-47D7-ADBD-40E25D3E0004}.Release|Any CPU.ActiveCfg = Release|Any CPU
		{DC020A6F-F4BC-47D7-ADBD-40E25D3E0004}.Release|Any CPU.Build.0 = Release|Any CPU
		{DC020A6F-F4BC-47D7-ADBD-40E25D3E0004}.Release|x64.ActiveCfg = Release|Any CPU
		{DC020A6F-F4BC-47D7-ADBD-40E25D3E0004}.Release|x64.Build.0 = Release|Any CPU
		{DC020A6F-F4BC-47D7-ADBD-40E25D3E0004}.Release|x86.ActiveCfg = Release|Any CPU
		{DC020A6F-F4BC-47D7-ADBD-40E25D3E0004}.Release|x86.Build.0 = Release|Any CPU
		{0F9443A4-5B15-43DA-93CC-BA20B05EEC4C}.Debug|Any CPU.ActiveCfg = Debug|Any CPU
		{0F9443A4-5B15-43DA-93CC-BA20B05EEC4C}.Debug|Any CPU.Build.0 = Debug|Any CPU
		{0F9443A4-5B15-43DA-93CC-BA20B05EEC4C}.Debug|x64.ActiveCfg = Debug|Any CPU
		{0F9443A4-5B15-43DA-93CC-BA20B05EEC4C}.Debug|x64.Build.0 = Debug|Any CPU
		{0F9443A4-5B15-43DA-93CC-BA20B05EEC4C}.Debug|x86.ActiveCfg = Debug|Any CPU
		{0F9443A4-5B15-43DA-93CC-BA20B05EEC4C}.Debug|x86.Build.0 = Debug|Any CPU
		{0F9443A4-5B15-43DA-93CC-BA20B05EEC4C}.Release|Any CPU.ActiveCfg = Release|Any CPU
		{0F9443A4-5B15-43DA-93CC-BA20B05EEC4C}.Release|Any CPU.Build.0 = Release|Any CPU
		{0F9443A4-5B15-43DA-93CC-BA20B05EEC4C}.Release|x64.ActiveCfg = Release|Any CPU
		{0F9443A4-5B15-43DA-93CC-BA20B05EEC4C}.Release|x64.Build.0 = Release|Any CPU
		{0F9443A4-5B15-43DA-93CC-BA20B05EEC4C}.Release|x86.ActiveCfg = Release|Any CPU
		{0F9443A4-5B15-43DA-93CC-BA20B05EEC4C}.Release|x86.Build.0 = Release|Any CPU
		{E5C98F34-A864-4136-9733-A6393602C23F}.Debug|Any CPU.ActiveCfg = Debug|Any CPU
		{E5C98F34-A864-4136-9733-A6393602C23F}.Debug|Any CPU.Build.0 = Debug|Any CPU
		{E5C98F34-A864-4136-9733-A6393602C23F}.Debug|x64.ActiveCfg = Debug|Any CPU
		{E5C98F34-A864-4136-9733-A6393602C23F}.Debug|x64.Build.0 = Debug|Any CPU
		{E5C98F34-A864-4136-9733-A6393602C23F}.Debug|x86.ActiveCfg = Debug|Any CPU
		{E5C98F34-A864-4136-9733-A6393602C23F}.Debug|x86.Build.0 = Debug|Any CPU
		{E5C98F34-A864-4136-9733-A6393602C23F}.Release|Any CPU.ActiveCfg = Release|Any CPU
		{E5C98F34-A864-4136-9733-A6393602C23F}.Release|Any CPU.Build.0 = Release|Any CPU
		{E5C98F34-A864-4136-9733-A6393602C23F}.Release|x64.ActiveCfg = Release|Any CPU
		{E5C98F34-A864-4136-9733-A6393602C23F}.Release|x64.Build.0 = Release|Any CPU
		{E5C98F34-A864-4136-9733-A6393602C23F}.Release|x86.ActiveCfg = Release|Any CPU
		{E5C98F34-A864-4136-9733-A6393602C23F}.Release|x86.Build.0 = Release|Any CPU
		{FC7AB908-2FFF-45E5-B84A-6CC74F97E744}.Debug|Any CPU.ActiveCfg = Debug|Any CPU
		{FC7AB908-2FFF-45E5-B84A-6CC74F97E744}.Debug|Any CPU.Build.0 = Debug|Any CPU
		{FC7AB908-2FFF-45E5-B84A-6CC74F97E744}.Debug|x64.ActiveCfg = Debug|Any CPU
		{FC7AB908-2FFF-45E5-B84A-6CC74F97E744}.Debug|x64.Build.0 = Debug|Any CPU
		{FC7AB908-2FFF-45E5-B84A-6CC74F97E744}.Debug|x86.ActiveCfg = Debug|Any CPU
		{FC7AB908-2FFF-45E5-B84A-6CC74F97E744}.Debug|x86.Build.0 = Debug|Any CPU
		{FC7AB908-2FFF-45E5-B84A-6CC74F97E744}.Release|Any CPU.ActiveCfg = Release|Any CPU
		{FC7AB908-2FFF-45E5-B84A-6CC74F97E744}.Release|Any CPU.Build.0 = Release|Any CPU
		{FC7AB908-2FFF-45E5-B84A-6CC74F97E744}.Release|x64.ActiveCfg = Release|Any CPU
		{FC7AB908-2FFF-45E5-B84A-6CC74F97E744}.Release|x64.Build.0 = Release|Any CPU
		{FC7AB908-2FFF-45E5-B84A-6CC74F97E744}.Release|x86.ActiveCfg = Release|Any CPU
		{FC7AB908-2FFF-45E5-B84A-6CC74F97E744}.Release|x86.Build.0 = Release|Any CPU
		{F978B8C3-E305-4EFB-BEF7-3A2BDA16B6DA}.Debug|Any CPU.ActiveCfg = Debug|Any CPU
		{F978B8C3-E305-4EFB-BEF7-3A2BDA16B6DA}.Debug|Any CPU.Build.0 = Debug|Any CPU
		{F978B8C3-E305-4EFB-BEF7-3A2BDA16B6DA}.Debug|x64.ActiveCfg = Debug|Any CPU
		{F978B8C3-E305-4EFB-BEF7-3A2BDA16B6DA}.Debug|x64.Build.0 = Debug|Any CPU
		{F978B8C3-E305-4EFB-BEF7-3A2BDA16B6DA}.Debug|x86.ActiveCfg = Debug|Any CPU
		{F978B8C3-E305-4EFB-BEF7-3A2BDA16B6DA}.Debug|x86.Build.0 = Debug|Any CPU
		{F978B8C3-E305-4EFB-BEF7-3A2BDA16B6DA}.Release|Any CPU.ActiveCfg = Release|Any CPU
		{F978B8C3-E305-4EFB-BEF7-3A2BDA16B6DA}.Release|Any CPU.Build.0 = Release|Any CPU
		{F978B8C3-E305-4EFB-BEF7-3A2BDA16B6DA}.Release|x64.ActiveCfg = Release|Any CPU
		{F978B8C3-E305-4EFB-BEF7-3A2BDA16B6DA}.Release|x64.Build.0 = Release|Any CPU
		{F978B8C3-E305-4EFB-BEF7-3A2BDA16B6DA}.Release|x86.ActiveCfg = Release|Any CPU
		{F978B8C3-E305-4EFB-BEF7-3A2BDA16B6DA}.Release|x86.Build.0 = Release|Any CPU
		{B58D0F47-1955-48D0-A702-9A8280F357CD}.Debug|Any CPU.ActiveCfg = Debug|Any CPU
		{B58D0F47-1955-48D0-A702-9A8280F357CD}.Debug|Any CPU.Build.0 = Debug|Any CPU
		{B58D0F47-1955-48D0-A702-9A8280F357CD}.Debug|x64.ActiveCfg = Debug|Any CPU
		{B58D0F47-1955-48D0-A702-9A8280F357CD}.Debug|x64.Build.0 = Debug|Any CPU
		{B58D0F47-1955-48D0-A702-9A8280F357CD}.Debug|x86.ActiveCfg = Debug|Any CPU
		{B58D0F47-1955-48D0-A702-9A8280F357CD}.Debug|x86.Build.0 = Debug|Any CPU
		{B58D0F47-1955-48D0-A702-9A8280F357CD}.Release|Any CPU.ActiveCfg = Release|Any CPU
		{B58D0F47-1955-48D0-A702-9A8280F357CD}.Release|Any CPU.Build.0 = Release|Any CPU
		{B58D0F47-1955-48D0-A702-9A8280F357CD}.Release|x64.ActiveCfg = Release|Any CPU
		{B58D0F47-1955-48D0-A702-9A8280F357CD}.Release|x64.Build.0 = Release|Any CPU
		{B58D0F47-1955-48D0-A702-9A8280F357CD}.Release|x86.ActiveCfg = Release|Any CPU
		{B58D0F47-1955-48D0-A702-9A8280F357CD}.Release|x86.Build.0 = Release|Any CPU
		{3C59F8BD-6FA5-467C-938D-6A36FB72E170}.Debug|Any CPU.ActiveCfg = Debug|Any CPU
		{3C59F8BD-6FA5-467C-938D-6A36FB72E170}.Debug|Any CPU.Build.0 = Debug|Any CPU
		{3C59F8BD-6FA5-467C-938D-6A36FB72E170}.Debug|x64.ActiveCfg = Debug|Any CPU
		{3C59F8BD-6FA5-467C-938D-6A36FB72E170}.Debug|x64.Build.0 = Debug|Any CPU
		{3C59F8BD-6FA5-467C-938D-6A36FB72E170}.Debug|x86.ActiveCfg = Debug|Any CPU
		{3C59F8BD-6FA5-467C-938D-6A36FB72E170}.Debug|x86.Build.0 = Debug|Any CPU
		{3C59F8BD-6FA5-467C-938D-6A36FB72E170}.Release|Any CPU.ActiveCfg = Release|Any CPU
		{3C59F8BD-6FA5-467C-938D-6A36FB72E170}.Release|Any CPU.Build.0 = Release|Any CPU
		{3C59F8BD-6FA5-467C-938D-6A36FB72E170}.Release|x64.ActiveCfg = Release|Any CPU
		{3C59F8BD-6FA5-467C-938D-6A36FB72E170}.Release|x64.Build.0 = Release|Any CPU
		{3C59F8BD-6FA5-467C-938D-6A36FB72E170}.Release|x86.ActiveCfg = Release|Any CPU
		{3C59F8BD-6FA5-467C-938D-6A36FB72E170}.Release|x86.Build.0 = Release|Any CPU
		{E06D5C0D-6EC0-461D-A9A4-35211328105D}.Debug|Any CPU.ActiveCfg = Debug|Any CPU
		{E06D5C0D-6EC0-461D-A9A4-35211328105D}.Debug|Any CPU.Build.0 = Debug|Any CPU
		{E06D5C0D-6EC0-461D-A9A4-35211328105D}.Debug|x64.ActiveCfg = Debug|Any CPU
		{E06D5C0D-6EC0-461D-A9A4-35211328105D}.Debug|x64.Build.0 = Debug|Any CPU
		{E06D5C0D-6EC0-461D-A9A4-35211328105D}.Debug|x86.ActiveCfg = Debug|Any CPU
		{E06D5C0D-6EC0-461D-A9A4-35211328105D}.Debug|x86.Build.0 = Debug|Any CPU
		{E06D5C0D-6EC0-461D-A9A4-35211328105D}.Release|Any CPU.ActiveCfg = Release|Any CPU
		{E06D5C0D-6EC0-461D-A9A4-35211328105D}.Release|Any CPU.Build.0 = Release|Any CPU
		{E06D5C0D-6EC0-461D-A9A4-35211328105D}.Release|x64.ActiveCfg = Release|Any CPU
		{E06D5C0D-6EC0-461D-A9A4-35211328105D}.Release|x64.Build.0 = Release|Any CPU
		{E06D5C0D-6EC0-461D-A9A4-35211328105D}.Release|x86.ActiveCfg = Release|Any CPU
		{E06D5C0D-6EC0-461D-A9A4-35211328105D}.Release|x86.Build.0 = Release|Any CPU
		{F31CE0AE-275F-4061-95D4-2281EB24608B}.Debug|Any CPU.ActiveCfg = Debug|Any CPU
		{F31CE0AE-275F-4061-95D4-2281EB24608B}.Debug|Any CPU.Build.0 = Debug|Any CPU
		{F31CE0AE-275F-4061-95D4-2281EB24608B}.Debug|x64.ActiveCfg = Debug|Any CPU
		{F31CE0AE-275F-4061-95D4-2281EB24608B}.Debug|x64.Build.0 = Debug|Any CPU
		{F31CE0AE-275F-4061-95D4-2281EB24608B}.Debug|x86.ActiveCfg = Debug|Any CPU
		{F31CE0AE-275F-4061-95D4-2281EB24608B}.Debug|x86.Build.0 = Debug|Any CPU
		{F31CE0AE-275F-4061-95D4-2281EB24608B}.Release|Any CPU.ActiveCfg = Release|Any CPU
		{F31CE0AE-275F-4061-95D4-2281EB24608B}.Release|Any CPU.Build.0 = Release|Any CPU
		{F31CE0AE-275F-4061-95D4-2281EB24608B}.Release|x64.ActiveCfg = Release|Any CPU
		{F31CE0AE-275F-4061-95D4-2281EB24608B}.Release|x64.Build.0 = Release|Any CPU
		{F31CE0AE-275F-4061-95D4-2281EB24608B}.Release|x86.ActiveCfg = Release|Any CPU
		{F31CE0AE-275F-4061-95D4-2281EB24608B}.Release|x86.Build.0 = Release|Any CPU
		{BC1DC4EA-71BA-419F-8E75-1ABD3D65B872}.Debug|Any CPU.ActiveCfg = Debug|Any CPU
		{BC1DC4EA-71BA-419F-8E75-1ABD3D65B872}.Debug|Any CPU.Build.0 = Debug|Any CPU
		{BC1DC4EA-71BA-419F-8E75-1ABD3D65B872}.Debug|x64.ActiveCfg = Debug|Any CPU
		{BC1DC4EA-71BA-419F-8E75-1ABD3D65B872}.Debug|x64.Build.0 = Debug|Any CPU
		{BC1DC4EA-71BA-419F-8E75-1ABD3D65B872}.Debug|x86.ActiveCfg = Debug|Any CPU
		{BC1DC4EA-71BA-419F-8E75-1ABD3D65B872}.Debug|x86.Build.0 = Debug|Any CPU
		{BC1DC4EA-71BA-419F-8E75-1ABD3D65B872}.Release|Any CPU.ActiveCfg = Release|Any CPU
		{BC1DC4EA-71BA-419F-8E75-1ABD3D65B872}.Release|Any CPU.Build.0 = Release|Any CPU
		{BC1DC4EA-71BA-419F-8E75-1ABD3D65B872}.Release|x64.ActiveCfg = Release|Any CPU
		{BC1DC4EA-71BA-419F-8E75-1ABD3D65B872}.Release|x64.Build.0 = Release|Any CPU
		{BC1DC4EA-71BA-419F-8E75-1ABD3D65B872}.Release|x86.ActiveCfg = Release|Any CPU
		{BC1DC4EA-71BA-419F-8E75-1ABD3D65B872}.Release|x86.Build.0 = Release|Any CPU
		{DB8AC1A6-7BF9-40C8-9931-05F4A0CAFBAB}.Debug|Any CPU.ActiveCfg = Debug|Any CPU
		{DB8AC1A6-7BF9-40C8-9931-05F4A0CAFBAB}.Debug|Any CPU.Build.0 = Debug|Any CPU
		{DB8AC1A6-7BF9-40C8-9931-05F4A0CAFBAB}.Debug|x64.ActiveCfg = Debug|Any CPU
		{DB8AC1A6-7BF9-40C8-9931-05F4A0CAFBAB}.Debug|x64.Build.0 = Debug|Any CPU
		{DB8AC1A6-7BF9-40C8-9931-05F4A0CAFBAB}.Debug|x86.ActiveCfg = Debug|Any CPU
		{DB8AC1A6-7BF9-40C8-9931-05F4A0CAFBAB}.Debug|x86.Build.0 = Debug|Any CPU
		{DB8AC1A6-7BF9-40C8-9931-05F4A0CAFBAB}.Release|Any CPU.ActiveCfg = Release|Any CPU
		{DB8AC1A6-7BF9-40C8-9931-05F4A0CAFBAB}.Release|Any CPU.Build.0 = Release|Any CPU
		{DB8AC1A6-7BF9-40C8-9931-05F4A0CAFBAB}.Release|x64.ActiveCfg = Release|Any CPU
		{DB8AC1A6-7BF9-40C8-9931-05F4A0CAFBAB}.Release|x64.Build.0 = Release|Any CPU
		{DB8AC1A6-7BF9-40C8-9931-05F4A0CAFBAB}.Release|x86.ActiveCfg = Release|Any CPU
		{DB8AC1A6-7BF9-40C8-9931-05F4A0CAFBAB}.Release|x86.Build.0 = Release|Any CPU
		{A6D681CA-15AE-483B-82FC-556103C2AFF4}.Debug|Any CPU.ActiveCfg = Debug|Any CPU
		{A6D681CA-15AE-483B-82FC-556103C2AFF4}.Debug|Any CPU.Build.0 = Debug|Any CPU
		{A6D681CA-15AE-483B-82FC-556103C2AFF4}.Debug|x64.ActiveCfg = Debug|Any CPU
		{A6D681CA-15AE-483B-82FC-556103C2AFF4}.Debug|x64.Build.0 = Debug|Any CPU
		{A6D681CA-15AE-483B-82FC-556103C2AFF4}.Debug|x86.ActiveCfg = Debug|Any CPU
		{A6D681CA-15AE-483B-82FC-556103C2AFF4}.Debug|x86.Build.0 = Debug|Any CPU
		{A6D681CA-15AE-483B-82FC-556103C2AFF4}.Release|Any CPU.ActiveCfg = Release|Any CPU
		{A6D681CA-15AE-483B-82FC-556103C2AFF4}.Release|Any CPU.Build.0 = Release|Any CPU
		{A6D681CA-15AE-483B-82FC-556103C2AFF4}.Release|x64.ActiveCfg = Release|Any CPU
		{A6D681CA-15AE-483B-82FC-556103C2AFF4}.Release|x64.Build.0 = Release|Any CPU
		{A6D681CA-15AE-483B-82FC-556103C2AFF4}.Release|x86.ActiveCfg = Release|Any CPU
		{A6D681CA-15AE-483B-82FC-556103C2AFF4}.Release|x86.Build.0 = Release|Any CPU
		{D601E7EB-6C12-4783-94F4-09CFB6E067EF}.Debug|Any CPU.ActiveCfg = Debug|Any CPU
		{D601E7EB-6C12-4783-94F4-09CFB6E067EF}.Debug|Any CPU.Build.0 = Debug|Any CPU
		{D601E7EB-6C12-4783-94F4-09CFB6E067EF}.Debug|x64.ActiveCfg = Debug|Any CPU
		{D601E7EB-6C12-4783-94F4-09CFB6E067EF}.Debug|x64.Build.0 = Debug|Any CPU
		{D601E7EB-6C12-4783-94F4-09CFB6E067EF}.Debug|x86.ActiveCfg = Debug|Any CPU
		{D601E7EB-6C12-4783-94F4-09CFB6E067EF}.Debug|x86.Build.0 = Debug|Any CPU
		{D601E7EB-6C12-4783-94F4-09CFB6E067EF}.Release|Any CPU.ActiveCfg = Release|Any CPU
		{D601E7EB-6C12-4783-94F4-09CFB6E067EF}.Release|Any CPU.Build.0 = Release|Any CPU
		{D601E7EB-6C12-4783-94F4-09CFB6E067EF}.Release|x64.ActiveCfg = Release|Any CPU
		{D601E7EB-6C12-4783-94F4-09CFB6E067EF}.Release|x64.Build.0 = Release|Any CPU
		{D601E7EB-6C12-4783-94F4-09CFB6E067EF}.Release|x86.ActiveCfg = Release|Any CPU
		{D601E7EB-6C12-4783-94F4-09CFB6E067EF}.Release|x86.Build.0 = Release|Any CPU
		{C49D3576-89E0-46DB-9FF8-7F6AFA697429}.Debug|Any CPU.ActiveCfg = Debug|Any CPU
		{C49D3576-89E0-46DB-9FF8-7F6AFA697429}.Debug|Any CPU.Build.0 = Debug|Any CPU
		{C49D3576-89E0-46DB-9FF8-7F6AFA697429}.Debug|x64.ActiveCfg = Debug|Any CPU
		{C49D3576-89E0-46DB-9FF8-7F6AFA697429}.Debug|x64.Build.0 = Debug|Any CPU
		{C49D3576-89E0-46DB-9FF8-7F6AFA697429}.Debug|x86.ActiveCfg = Debug|Any CPU
		{C49D3576-89E0-46DB-9FF8-7F6AFA697429}.Debug|x86.Build.0 = Debug|Any CPU
		{C49D3576-89E0-46DB-9FF8-7F6AFA697429}.Release|Any CPU.ActiveCfg = Release|Any CPU
		{C49D3576-89E0-46DB-9FF8-7F6AFA697429}.Release|Any CPU.Build.0 = Release|Any CPU
		{C49D3576-89E0-46DB-9FF8-7F6AFA697429}.Release|x64.ActiveCfg = Release|Any CPU
		{C49D3576-89E0-46DB-9FF8-7F6AFA697429}.Release|x64.Build.0 = Release|Any CPU
		{C49D3576-89E0-46DB-9FF8-7F6AFA697429}.Release|x86.ActiveCfg = Release|Any CPU
		{C49D3576-89E0-46DB-9FF8-7F6AFA697429}.Release|x86.Build.0 = Release|Any CPU
		{09BAD4FD-6222-5535-AED1-2E6D7BD0E451}.Debug|Any CPU.ActiveCfg = Debug|Any CPU
		{09BAD4FD-6222-5535-AED1-2E6D7BD0E451}.Debug|Any CPU.Build.0 = Debug|Any CPU
		{09BAD4FD-6222-5535-AED1-2E6D7BD0E451}.Debug|x64.ActiveCfg = Debug|Any CPU
		{09BAD4FD-6222-5535-AED1-2E6D7BD0E451}.Debug|x64.Build.0 = Debug|Any CPU
		{09BAD4FD-6222-5535-AED1-2E6D7BD0E451}.Debug|x86.ActiveCfg = Debug|Any CPU
		{09BAD4FD-6222-5535-AED1-2E6D7BD0E451}.Debug|x86.Build.0 = Debug|Any CPU
		{09BAD4FD-6222-5535-AED1-2E6D7BD0E451}.Release|Any CPU.ActiveCfg = Release|Any CPU
		{09BAD4FD-6222-5535-AED1-2E6D7BD0E451}.Release|Any CPU.Build.0 = Release|Any CPU
		{09BAD4FD-6222-5535-AED1-2E6D7BD0E451}.Release|x64.ActiveCfg = Release|Any CPU
		{09BAD4FD-6222-5535-AED1-2E6D7BD0E451}.Release|x64.Build.0 = Release|Any CPU
		{09BAD4FD-6222-5535-AED1-2E6D7BD0E451}.Release|x86.ActiveCfg = Release|Any CPU
		{09BAD4FD-6222-5535-AED1-2E6D7BD0E451}.Release|x86.Build.0 = Release|Any CPU
		{673B7B73-1412-649F-9739-20599C1AFE61}.Debug|Any CPU.ActiveCfg = Debug|Any CPU
		{673B7B73-1412-649F-9739-20599C1AFE61}.Debug|Any CPU.Build.0 = Debug|Any CPU
		{673B7B73-1412-649F-9739-20599C1AFE61}.Debug|x64.ActiveCfg = Debug|Any CPU
		{673B7B73-1412-649F-9739-20599C1AFE61}.Debug|x64.Build.0 = Debug|Any CPU
		{673B7B73-1412-649F-9739-20599C1AFE61}.Debug|x86.ActiveCfg = Debug|Any CPU
		{673B7B73-1412-649F-9739-20599C1AFE61}.Debug|x86.Build.0 = Debug|Any CPU
		{673B7B73-1412-649F-9739-20599C1AFE61}.Release|Any CPU.ActiveCfg = Release|Any CPU
		{673B7B73-1412-649F-9739-20599C1AFE61}.Release|Any CPU.Build.0 = Release|Any CPU
		{673B7B73-1412-649F-9739-20599C1AFE61}.Release|x64.ActiveCfg = Release|Any CPU
		{673B7B73-1412-649F-9739-20599C1AFE61}.Release|x64.Build.0 = Release|Any CPU
		{673B7B73-1412-649F-9739-20599C1AFE61}.Release|x86.ActiveCfg = Release|Any CPU
		{673B7B73-1412-649F-9739-20599C1AFE61}.Release|x86.Build.0 = Release|Any CPU
		{4D375A83-23C6-BED0-8BBD-E4CDA3D0A9BA}.Debug|Any CPU.ActiveCfg = Debug|Any CPU
		{4D375A83-23C6-BED0-8BBD-E4CDA3D0A9BA}.Debug|Any CPU.Build.0 = Debug|Any CPU
		{4D375A83-23C6-BED0-8BBD-E4CDA3D0A9BA}.Debug|x64.ActiveCfg = Debug|Any CPU
		{4D375A83-23C6-BED0-8BBD-E4CDA3D0A9BA}.Debug|x64.Build.0 = Debug|Any CPU
		{4D375A83-23C6-BED0-8BBD-E4CDA3D0A9BA}.Debug|x86.ActiveCfg = Debug|Any CPU
		{4D375A83-23C6-BED0-8BBD-E4CDA3D0A9BA}.Debug|x86.Build.0 = Debug|Any CPU
		{4D375A83-23C6-BED0-8BBD-E4CDA3D0A9BA}.Release|Any CPU.ActiveCfg = Release|Any CPU
		{4D375A83-23C6-BED0-8BBD-E4CDA3D0A9BA}.Release|Any CPU.Build.0 = Release|Any CPU
		{4D375A83-23C6-BED0-8BBD-E4CDA3D0A9BA}.Release|x64.ActiveCfg = Release|Any CPU
		{4D375A83-23C6-BED0-8BBD-E4CDA3D0A9BA}.Release|x64.Build.0 = Release|Any CPU
		{4D375A83-23C6-BED0-8BBD-E4CDA3D0A9BA}.Release|x86.ActiveCfg = Release|Any CPU
		{4D375A83-23C6-BED0-8BBD-E4CDA3D0A9BA}.Release|x86.Build.0 = Release|Any CPU
		{CC09D91B-06A1-1D2D-5F4B-F7140A16FE44}.Debug|Any CPU.ActiveCfg = Debug|Any CPU
		{CC09D91B-06A1-1D2D-5F4B-F7140A16FE44}.Debug|Any CPU.Build.0 = Debug|Any CPU
		{CC09D91B-06A1-1D2D-5F4B-F7140A16FE44}.Debug|x64.ActiveCfg = Debug|Any CPU
		{CC09D91B-06A1-1D2D-5F4B-F7140A16FE44}.Debug|x64.Build.0 = Debug|Any CPU
		{CC09D91B-06A1-1D2D-5F4B-F7140A16FE44}.Debug|x86.ActiveCfg = Debug|Any CPU
		{CC09D91B-06A1-1D2D-5F4B-F7140A16FE44}.Debug|x86.Build.0 = Debug|Any CPU
		{CC09D91B-06A1-1D2D-5F4B-F7140A16FE44}.Release|Any CPU.ActiveCfg = Release|Any CPU
		{CC09D91B-06A1-1D2D-5F4B-F7140A16FE44}.Release|Any CPU.Build.0 = Release|Any CPU
		{CC09D91B-06A1-1D2D-5F4B-F7140A16FE44}.Release|x64.ActiveCfg = Release|Any CPU
		{CC09D91B-06A1-1D2D-5F4B-F7140A16FE44}.Release|x64.Build.0 = Release|Any CPU
		{CC09D91B-06A1-1D2D-5F4B-F7140A16FE44}.Release|x86.ActiveCfg = Release|Any CPU
		{CC09D91B-06A1-1D2D-5F4B-F7140A16FE44}.Release|x86.Build.0 = Release|Any CPU
	EndGlobalSection
	GlobalSection(SolutionProperties) = preSolution
		HideSolutionNode = FALSE
	EndGlobalSection
	GlobalSection(NestedProjects) = preSolution
		{301269F3-BF14-4CC5-A706-3CBA10313C89} = {D4C4D1C2-DE9C-AF20-17FD-0A3EB2BFD436}
		{AD47D52E-FB17-4CC3-B31E-E8EE83B1A4C2} = {D4C4D1C2-DE9C-AF20-17FD-0A3EB2BFD436}
		{7795F6D9-ACBD-4A8B-A8FD-A96543F3D203} = {4F52FD11-658E-A102-6CD3-7D7C16FFA15B}
		{C370025D-8ACD-40B0-A0D6-1920C83A8932} = {4F52FD11-658E-A102-6CD3-7D7C16FFA15B}
		{0153C738-DB3C-401E-A412-7405D8785C24} = {4F52FD11-658E-A102-6CD3-7D7C16FFA15B}
		{73D7FE80-BBA0-48E8-8F87-B3D1F0C57BBE} = {4F52FD11-658E-A102-6CD3-7D7C16FFA15B}
		{6567720A-5EB6-47E1-ADFA-64CEA0CA28AE} = {4F52FD11-658E-A102-6CD3-7D7C16FFA15B}
		{FF60C6F7-4CA2-497B-BE03-319D7EEF2C38} = {4F52FD11-658E-A102-6CD3-7D7C16FFA15B}
		{AE519539-68DF-ADE8-2C89-95EEF9B075DC} = {827E0CD3-B72D-47B6-A68D-7590B98EB39B}
		{79FAF424-2788-4240-9D5C-CB43DE54E5DC} = {AE519539-68DF-ADE8-2C89-95EEF9B075DC}
		{DC020A6F-F4BC-47D7-ADBD-40E25D3E0004} = {AE519539-68DF-ADE8-2C89-95EEF9B075DC}
		{0F9443A4-5B15-43DA-93CC-BA20B05EEC4C} = {AE519539-68DF-ADE8-2C89-95EEF9B075DC}
		{E5C98F34-A864-4136-9733-A6393602C23F} = {AE519539-68DF-ADE8-2C89-95EEF9B075DC}
		{70BAA7F9-7914-E584-5739-8B02C132DCC7} = {827E0CD3-B72D-47B6-A68D-7590B98EB39B}
		{FC7AB908-2FFF-45E5-B84A-6CC74F97E744} = {70BAA7F9-7914-E584-5739-8B02C132DCC7}
		{F978B8C3-E305-4EFB-BEF7-3A2BDA16B6DA} = {70BAA7F9-7914-E584-5739-8B02C132DCC7}
		{B58D0F47-1955-48D0-A702-9A8280F357CD} = {70BAA7F9-7914-E584-5739-8B02C132DCC7}
		{3C59F8BD-6FA5-467C-938D-6A36FB72E170} = {70BAA7F9-7914-E584-5739-8B02C132DCC7}
		{6996BBF7-DB31-59BC-C7DD-9A7CCC6138C4} = {827E0CD3-B72D-47B6-A68D-7590B98EB39B}
		{E06D5C0D-6EC0-461D-A9A4-35211328105D} = {6996BBF7-DB31-59BC-C7DD-9A7CCC6138C4}
		{F31CE0AE-275F-4061-95D4-2281EB24608B} = {0AB3BF05-4346-4AA6-1389-037BE0695223}
		{BC1DC4EA-71BA-419F-8E75-1ABD3D65B872} = {0AB3BF05-4346-4AA6-1389-037BE0695223}
		{DB8AC1A6-7BF9-40C8-9931-05F4A0CAFBAB} = {0AB3BF05-4346-4AA6-1389-037BE0695223}
		{A6D681CA-15AE-483B-82FC-556103C2AFF4} = {0AB3BF05-4346-4AA6-1389-037BE0695223}
		{D601E7EB-6C12-4783-94F4-09CFB6E067EF} = {0AB3BF05-4346-4AA6-1389-037BE0695223}
		{C49D3576-89E0-46DB-9FF8-7F6AFA697429} = {0AB3BF05-4346-4AA6-1389-037BE0695223}
		{09BAD4FD-6222-5535-AED1-2E6D7BD0E451} = {4F52FD11-658E-A102-6CD3-7D7C16FFA15B}
		{673B7B73-1412-649F-9739-20599C1AFE61} = {4F52FD11-658E-A102-6CD3-7D7C16FFA15B}
		{4D375A83-23C6-BED0-8BBD-E4CDA3D0A9BA} = {0AB3BF05-4346-4AA6-1389-037BE0695223}
		{CC09D91B-06A1-1D2D-5F4B-F7140A16FE44} = {0AB3BF05-4346-4AA6-1389-037BE0695223}
	EndGlobalSection
	GlobalSection(ExtensibilityGlobals) = postSolution
		SolutionGuid = {B09CCE08-5BE4-4908-97DD-D9FEF5B4764E}
	EndGlobalSection
EndGlobal
