
Microsoft Visual Studio Solution File, Format Version 12.00
# Visual Studio Version 17
VisualStudioVersion = 17.0.31903.59
MinimumVisualStudioVersion = 10.0.40219.1
Project("{2150E333-8FDC-42A3-9474-1A3956D46DE8}") = "migrations", "migrations", "{D4C4D1C2-DE9C-AF20-17FD-0A3EB2BFD436}"
EndProject
Project("{FAE04EC0-301F-11D3-BF4B-00C04F79EFBC}") = "Csnp.Migrations.Credential", "migrations\Csnp.Migrations.Credential\Csnp.Migrations.Credential.csproj", "{436875B8-F6FA-48DB-9F3C-F1200B9357A4}"
EndProject
Project("{FAE04EC0-301F-11D3-BF4B-00C04F79EFBC}") = "Csnp.Migrations.Notification", "migrations\Csnp.Migrations.Notification\Csnp.Migrations.Notification.csproj", "{EA783854-6A3F-4AED-B9AD-F479011E55EB}"
EndProject
Project("{2150E333-8FDC-42A3-9474-1A3956D46DE8}") = "shared", "shared", "{4F52FD11-658E-A102-6CD3-7D7C16FFA15B}"
EndProject
Project("{FAE04EC0-301F-11D3-BF4B-00C04F79EFBC}") = "Csnp.Common", "shared\Csnp.Common\Csnp.Common.csproj", "{4B830916-4C15-4D1F-854C-32EE35AF8CF1}"
EndProject
Project("{FAE04EC0-301F-11D3-BF4B-00C04F79EFBC}") = "Csnp.EventBus", "shared\Csnp.EventBus\Csnp.EventBus.csproj", "{82ED9CAB-208B-4BD0-8183-E01980C42D3C}"
EndProject
Project("{FAE04EC0-301F-11D3-BF4B-00C04F79EFBC}") = "Csnp.SeedWork.Application", "shared\Csnp.SeedWork.Application\Csnp.SeedWork.Application.csproj", "{4EADCB06-43BB-4EB9-A033-41A7D830DD14}"
EndProject
Project("{FAE04EC0-301F-11D3-BF4B-00C04F79EFBC}") = "Csnp.SeedWork.Domain", "shared\Csnp.SeedWork.Domain\Csnp.SeedWork.Domain.csproj", "{25F69885-E368-43F2-B672-83C8D0D921C3}"
EndProject
Project("{FAE04EC0-301F-11D3-BF4B-00C04F79EFBC}") = "Csnp.SeedWork.Infrastructure", "shared\Csnp.SeedWork.Infrastructure\Csnp.SeedWork.Infrastructure.csproj", "{32E76F86-7024-4963-93C6-2706107448FA}"
EndProject
Project("{FAE04EC0-301F-11D3-BF4B-00C04F79EFBC}") = "Csnp.SharedKernel", "shared\Csnp.SharedKernel\Csnp.SharedKernel.csproj", "{23C99139-EB49-4841-9D8F-35FDB7515404}"
EndProject
Project("{2150E333-8FDC-42A3-9474-1A3956D46DE8}") = "src", "src", "{827E0CD3-B72D-47B6-A68D-7590B98EB39B}"
EndProject
Project("{2150E333-8FDC-42A3-9474-1A3956D46DE8}") = "Credential", "Credential", "{AE519539-68DF-ADE8-2C89-95EEF9B075DC}"
EndProject
Project("{FAE04EC0-301F-11D3-BF4B-00C04F79EFBC}") = "Csnp.Credential.Api", "src\Credential\Csnp.Credential.Api\Csnp.Credential.Api.csproj", "{8D63A316-9899-4260-A22F-4B04159B3FE4}"
EndProject
Project("{FAE04EC0-301F-11D3-BF4B-00C04F79EFBC}") = "Csnp.Credential.Application", "src\Credential\Csnp.Credential.Application\Csnp.Credential.Application.csproj", "{AEC809EA-336E-4631-A8DC-8181ADB09D4F}"
EndProject
Project("{FAE04EC0-301F-11D3-BF4B-00C04F79EFBC}") = "Csnp.Credential.Domain", "src\Credential\Csnp.Credential.Domain\Csnp.Credential.Domain.csproj", "{38355781-DD6A-4D9D-9ACF-91AF6BEB1781}"
EndProject
Project("{FAE04EC0-301F-11D3-BF4B-00C04F79EFBC}") = "Csnp.Credential.Infrastructure", "src\Credential\Csnp.Credential.Infrastructure\Csnp.Credential.Infrastructure.csproj", "{6938E69D-F260-4660-93F3-51513CC3A4DA}"
EndProject
Project("{2150E333-8FDC-42A3-9474-1A3956D46DE8}") = "Notification", "Notification", "{70BAA7F9-7914-E584-5739-8B02C132DCC7}"
EndProject
Project("{FAE04EC0-301F-11D3-BF4B-00C04F79EFBC}") = "Csnp.Notification.Api", "src\Notification\Csnp.Notification.Api\Csnp.Notification.Api.csproj", "{105DA82F-3E8E-4EF8-BAA0-13FA7E360226}"
EndProject
Project("{FAE04EC0-301F-11D3-BF4B-00C04F79EFBC}") = "Csnp.Notification.Application", "src\Notification\Csnp.Notification.Application\Csnp.Notification.Application.csproj", "{BE386ED9-0AAE-4C64-B5EC-4458E0D6A2BC}"
EndProject
Project("{FAE04EC0-301F-11D3-BF4B-00C04F79EFBC}") = "Csnp.Notification.Domain", "src\Notification\Csnp.Notification.Domain\Csnp.Notification.Domain.csproj", "{40459373-7F94-4C56-9557-1BA023255C5D}"
EndProject
Project("{FAE04EC0-301F-11D3-BF4B-00C04F79EFBC}") = "Csnp.Notification.Infrastructure", "src\Notification\Csnp.Notification.Infrastructure\Csnp.Notification.Infrastructure.csproj", "{9490FF18-A946-4AB7-AEA5-068A631D1A8B}"
EndProject
Project("{2150E333-8FDC-42A3-9474-1A3956D46DE8}") = "Presentation", "Presentation", "{6996BBF7-DB31-59BC-C7DD-9A7CCC6138C4}"
EndProject
Project("{FAE04EC0-301F-11D3-BF4B-00C04F79EFBC}") = "Csnp.Presentation.Web", "src\Presentation\Csnp.Presentation.Web\Csnp.Presentation.Web.csproj", "{6BDBBE1F-CEC4-42BD-8E9A-84041D268F0A}"
EndProject
Project("{2150E333-8FDC-42A3-9474-1A3956D46DE8}") = "tests", "tests", "{0AB3BF05-4346-4AA6-1389-037BE0695223}"
EndProject
Project("{FAE04EC0-301F-11D3-BF4B-00C04F79EFBC}") = "Csnp.Credential.Tests.Architecture", "tests\Csnp.Credential.Tests.Architecture\Csnp.Credential.Tests.Architecture.csproj", "{D6009050-FF2B-4E8C-9415-48B508074EFE}"
EndProject
Project("{FAE04EC0-301F-11D3-BF4B-00C04F79EFBC}") = "Csnp.Credential.Tests.Integration", "tests\Csnp.Credential.Tests.Integration\Csnp.Credential.Tests.Integration.csproj", "{E1783075-E645-4852-BCAD-089BBD74A35B}"
EndProject
Project("{FAE04EC0-301F-11D3-BF4B-00C04F79EFBC}") = "Csnp.Credential.Tests.Unit", "tests\Csnp.Credential.Tests.Unit\Csnp.Credential.Tests.Unit.csproj", "{C2CF123A-3FD9-4AFF-B9B6-70DF120C6C34}"
EndProject
Project("{FAE04EC0-301F-11D3-BF4B-00C04F79EFBC}") = "Csnp.Notification.Tests.Architecture", "tests\Csnp.Notification.Tests.Architecture\Csnp.Notification.Tests.Architecture.csproj", "{16582066-88DE-4F74-A1F4-B26C1E86E973}"
EndProject
Project("{FAE04EC0-301F-11D3-BF4B-00C04F79EFBC}") = "Csnp.Notification.Tests.Integration", "tests\Csnp.Notification.Tests.Integration\Csnp.Notification.Tests.Integration.csproj", "{6BA00F3F-0873-42CA-B403-005BA6F8CB5C}"
EndProject
Project("{FAE04EC0-301F-11D3-BF4B-00C04F79EFBC}") = "Csnp.Notification.Tests.Unit", "tests\Csnp.Notification.Tests.Unit\Csnp.Notification.Tests.Unit.csproj", "{25DFD91A-E4E8-4C90-99D3-F43B1D56B1ED}"
EndProject
Global
	GlobalSection(SolutionConfigurationPlatforms) = preSolution
		Debug|Any CPU = Debug|Any CPU
		Debug|x64 = Debug|x64
		Debug|x86 = Debug|x86
		Release|Any CPU = Release|Any CPU
		Release|x64 = Release|x64
		Release|x86 = Release|x86
	EndGlobalSection
	GlobalSection(ProjectConfigurationPlatforms) = postSolution
		{436875B8-F6FA-48DB-9F3C-F1200B9357A4}.Debug|Any CPU.ActiveCfg = Debug|Any CPU
		{436875B8-F6FA-48DB-9F3C-F1200B9357A4}.Debug|Any CPU.Build.0 = Debug|Any CPU
		{436875B8-F6FA-48DB-9F3C-F1200B9357A4}.Debug|x64.ActiveCfg = Debug|Any CPU
		{436875B8-F6FA-48DB-9F3C-F1200B9357A4}.Debug|x64.Build.0 = Debug|Any CPU
		{436875B8-F6FA-48DB-9F3C-F1200B9357A4}.Debug|x86.ActiveCfg = Debug|Any CPU
		{436875B8-F6FA-48DB-9F3C-F1200B9357A4}.Debug|x86.Build.0 = Debug|Any CPU
		{436875B8-F6FA-48DB-9F3C-F1200B9357A4}.Release|Any CPU.ActiveCfg = Release|Any CPU
		{436875B8-F6FA-48DB-9F3C-F1200B9357A4}.Release|Any CPU.Build.0 = Release|Any CPU
		{436875B8-F6FA-48DB-9F3C-F1200B9357A4}.Release|x64.ActiveCfg = Release|Any CPU
		{436875B8-F6FA-48DB-9F3C-F1200B9357A4}.Release|x64.Build.0 = Release|Any CPU
		{436875B8-F6FA-48DB-9F3C-F1200B9357A4}.Release|x86.ActiveCfg = Release|Any CPU
		{436875B8-F6FA-48DB-9F3C-F1200B9357A4}.Release|x86.Build.0 = Release|Any CPU
		{EA783854-6A3F-4AED-B9AD-F479011E55EB}.Debug|Any CPU.ActiveCfg = Debug|Any CPU
		{EA783854-6A3F-4AED-B9AD-F479011E55EB}.Debug|Any CPU.Build.0 = Debug|Any CPU
		{EA783854-6A3F-4AED-B9AD-F479011E55EB}.Debug|x64.ActiveCfg = Debug|Any CPU
		{EA783854-6A3F-4AED-B9AD-F479011E55EB}.Debug|x64.Build.0 = Debug|Any CPU
		{EA783854-6A3F-4AED-B9AD-F479011E55EB}.Debug|x86.ActiveCfg = Debug|Any CPU
		{EA783854-6A3F-4AED-B9AD-F479011E55EB}.Debug|x86.Build.0 = Debug|Any CPU
		{EA783854-6A3F-4AED-B9AD-F479011E55EB}.Release|Any CPU.ActiveCfg = Release|Any CPU
		{EA783854-6A3F-4AED-B9AD-F479011E55EB}.Release|Any CPU.Build.0 = Release|Any CPU
		{EA783854-6A3F-4AED-B9AD-F479011E55EB}.Release|x64.ActiveCfg = Release|Any CPU
		{EA783854-6A3F-4AED-B9AD-F479011E55EB}.Release|x64.Build.0 = Release|Any CPU
		{EA783854-6A3F-4AED-B9AD-F479011E55EB}.Release|x86.ActiveCfg = Release|Any CPU
		{EA783854-6A3F-4AED-B9AD-F479011E55EB}.Release|x86.Build.0 = Release|Any CPU
		{4B830916-4C15-4D1F-854C-32EE35AF8CF1}.Debug|Any CPU.ActiveCfg = Debug|Any CPU
		{4B830916-4C15-4D1F-854C-32EE35AF8CF1}.Debug|Any CPU.Build.0 = Debug|Any CPU
		{4B830916-4C15-4D1F-854C-32EE35AF8CF1}.Debug|x64.ActiveCfg = Debug|Any CPU
		{4B830916-4C15-4D1F-854C-32EE35AF8CF1}.Debug|x64.Build.0 = Debug|Any CPU
		{4B830916-4C15-4D1F-854C-32EE35AF8CF1}.Debug|x86.ActiveCfg = Debug|Any CPU
		{4B830916-4C15-4D1F-854C-32EE35AF8CF1}.Debug|x86.Build.0 = Debug|Any CPU
		{4B830916-4C15-4D1F-854C-32EE35AF8CF1}.Release|Any CPU.ActiveCfg = Release|Any CPU
		{4B830916-4C15-4D1F-854C-32EE35AF8CF1}.Release|Any CPU.Build.0 = Release|Any CPU
		{4B830916-4C15-4D1F-854C-32EE35AF8CF1}.Release|x64.ActiveCfg = Release|Any CPU
		{4B830916-4C15-4D1F-854C-32EE35AF8CF1}.Release|x64.Build.0 = Release|Any CPU
		{4B830916-4C15-4D1F-854C-32EE35AF8CF1}.Release|x86.ActiveCfg = Release|Any CPU
		{4B830916-4C15-4D1F-854C-32EE35AF8CF1}.Release|x86.Build.0 = Release|Any CPU
		{82ED9CAB-208B-4BD0-8183-E01980C42D3C}.Debug|Any CPU.ActiveCfg = Debug|Any CPU
		{82ED9CAB-208B-4BD0-8183-E01980C42D3C}.Debug|Any CPU.Build.0 = Debug|Any CPU
		{82ED9CAB-208B-4BD0-8183-E01980C42D3C}.Debug|x64.ActiveCfg = Debug|Any CPU
		{82ED9CAB-208B-4BD0-8183-E01980C42D3C}.Debug|x64.Build.0 = Debug|Any CPU
		{82ED9CAB-208B-4BD0-8183-E01980C42D3C}.Debug|x86.ActiveCfg = Debug|Any CPU
		{82ED9CAB-208B-4BD0-8183-E01980C42D3C}.Debug|x86.Build.0 = Debug|Any CPU
		{82ED9CAB-208B-4BD0-8183-E01980C42D3C}.Release|Any CPU.ActiveCfg = Release|Any CPU
		{82ED9CAB-208B-4BD0-8183-E01980C42D3C}.Release|Any CPU.Build.0 = Release|Any CPU
		{82ED9CAB-208B-4BD0-8183-E01980C42D3C}.Release|x64.ActiveCfg = Release|Any CPU
		{82ED9CAB-208B-4BD0-8183-E01980C42D3C}.Release|x64.Build.0 = Release|Any CPU
		{82ED9CAB-208B-4BD0-8183-E01980C42D3C}.Release|x86.ActiveCfg = Release|Any CPU
		{82ED9CAB-208B-4BD0-8183-E01980C42D3C}.Release|x86.Build.0 = Release|Any CPU
		{4EADCB06-43BB-4EB9-A033-41A7D830DD14}.Debug|Any CPU.ActiveCfg = Debug|Any CPU
		{4EADCB06-43BB-4EB9-A033-41A7D830DD14}.Debug|Any CPU.Build.0 = Debug|Any CPU
		{4EADCB06-43BB-4EB9-A033-41A7D830DD14}.Debug|x64.ActiveCfg = Debug|Any CPU
		{4EADCB06-43BB-4EB9-A033-41A7D830DD14}.Debug|x64.Build.0 = Debug|Any CPU
		{4EADCB06-43BB-4EB9-A033-41A7D830DD14}.Debug|x86.ActiveCfg = Debug|Any CPU
		{4EADCB06-43BB-4EB9-A033-41A7D830DD14}.Debug|x86.Build.0 = Debug|Any CPU
		{4EADCB06-43BB-4EB9-A033-41A7D830DD14}.Release|Any CPU.ActiveCfg = Release|Any CPU
		{4EADCB06-43BB-4EB9-A033-41A7D830DD14}.Release|Any CPU.Build.0 = Release|Any CPU
		{4EADCB06-43BB-4EB9-A033-41A7D830DD14}.Release|x64.ActiveCfg = Release|Any CPU
		{4EADCB06-43BB-4EB9-A033-41A7D830DD14}.Release|x64.Build.0 = Release|Any CPU
		{4EADCB06-43BB-4EB9-A033-41A7D830DD14}.Release|x86.ActiveCfg = Release|Any CPU
		{4EADCB06-43BB-4EB9-A033-41A7D830DD14}.Release|x86.Build.0 = Release|Any CPU
		{25F69885-E368-43F2-B672-83C8D0D921C3}.Debug|Any CPU.ActiveCfg = Debug|Any CPU
		{25F69885-E368-43F2-B672-83C8D0D921C3}.Debug|Any CPU.Build.0 = Debug|Any CPU
		{25F69885-E368-43F2-B672-83C8D0D921C3}.Debug|x64.ActiveCfg = Debug|Any CPU
		{25F69885-E368-43F2-B672-83C8D0D921C3}.Debug|x64.Build.0 = Debug|Any CPU
		{25F69885-E368-43F2-B672-83C8D0D921C3}.Debug|x86.ActiveCfg = Debug|Any CPU
		{25F69885-E368-43F2-B672-83C8D0D921C3}.Debug|x86.Build.0 = Debug|Any CPU
		{25F69885-E368-43F2-B672-83C8D0D921C3}.Release|Any CPU.ActiveCfg = Release|Any CPU
		{25F69885-E368-43F2-B672-83C8D0D921C3}.Release|Any CPU.Build.0 = Release|Any CPU
		{25F69885-E368-43F2-B672-83C8D0D921C3}.Release|x64.ActiveCfg = Release|Any CPU
		{25F69885-E368-43F2-B672-83C8D0D921C3}.Release|x64.Build.0 = Release|Any CPU
		{25F69885-E368-43F2-B672-83C8D0D921C3}.Release|x86.ActiveCfg = Release|Any CPU
		{25F69885-E368-43F2-B672-83C8D0D921C3}.Release|x86.Build.0 = Release|Any CPU
		{32E76F86-7024-4963-93C6-2706107448FA}.Debug|Any CPU.ActiveCfg = Debug|Any CPU
		{32E76F86-7024-4963-93C6-2706107448FA}.Debug|Any CPU.Build.0 = Debug|Any CPU
		{32E76F86-7024-4963-93C6-2706107448FA}.Debug|x64.ActiveCfg = Debug|Any CPU
		{32E76F86-7024-4963-93C6-2706107448FA}.Debug|x64.Build.0 = Debug|Any CPU
		{32E76F86-7024-4963-93C6-2706107448FA}.Debug|x86.ActiveCfg = Debug|Any CPU
		{32E76F86-7024-4963-93C6-2706107448FA}.Debug|x86.Build.0 = Debug|Any CPU
		{32E76F86-7024-4963-93C6-2706107448FA}.Release|Any CPU.ActiveCfg = Release|Any CPU
		{32E76F86-7024-4963-93C6-2706107448FA}.Release|Any CPU.Build.0 = Release|Any CPU
		{32E76F86-7024-4963-93C6-2706107448FA}.Release|x64.ActiveCfg = Release|Any CPU
		{32E76F86-7024-4963-93C6-2706107448FA}.Release|x64.Build.0 = Release|Any CPU
		{32E76F86-7024-4963-93C6-2706107448FA}.Release|x86.ActiveCfg = Release|Any CPU
		{32E76F86-7024-4963-93C6-2706107448FA}.Release|x86.Build.0 = Release|Any CPU
		{23C99139-EB49-4841-9D8F-35FDB7515404}.Debug|Any CPU.ActiveCfg = Debug|Any CPU
		{23C99139-EB49-4841-9D8F-35FDB7515404}.Debug|Any CPU.Build.0 = Debug|Any CPU
		{23C99139-EB49-4841-9D8F-35FDB7515404}.Debug|x64.ActiveCfg = Debug|Any CPU
		{23C99139-EB49-4841-9D8F-35FDB7515404}.Debug|x64.Build.0 = Debug|Any CPU
		{23C99139-EB49-4841-9D8F-35FDB7515404}.Debug|x86.ActiveCfg = Debug|Any CPU
		{23C99139-EB49-4841-9D8F-35FDB7515404}.Debug|x86.Build.0 = Debug|Any CPU
		{23C99139-EB49-4841-9D8F-35FDB7515404}.Release|Any CPU.ActiveCfg = Release|Any CPU
		{23C99139-EB49-4841-9D8F-35FDB7515404}.Release|Any CPU.Build.0 = Release|Any CPU
		{23C99139-EB49-4841-9D8F-35FDB7515404}.Release|x64.ActiveCfg = Release|Any CPU
		{23C99139-EB49-4841-9D8F-35FDB7515404}.Release|x64.Build.0 = Release|Any CPU
		{23C99139-EB49-4841-9D8F-35FDB7515404}.Release|x86.ActiveCfg = Release|Any CPU
		{23C99139-EB49-4841-9D8F-35FDB7515404}.Release|x86.Build.0 = Release|Any CPU
		{8D63A316-9899-4260-A22F-4B04159B3FE4}.Debug|Any CPU.ActiveCfg = Debug|Any CPU
		{8D63A316-9899-4260-A22F-4B04159B3FE4}.Debug|Any CPU.Build.0 = Debug|Any CPU
		{8D63A316-9899-4260-A22F-4B04159B3FE4}.Debug|x64.ActiveCfg = Debug|Any CPU
		{8D63A316-9899-4260-A22F-4B04159B3FE4}.Debug|x64.Build.0 = Debug|Any CPU
		{8D63A316-9899-4260-A22F-4B04159B3FE4}.Debug|x86.ActiveCfg = Debug|Any CPU
		{8D63A316-9899-4260-A22F-4B04159B3FE4}.Debug|x86.Build.0 = Debug|Any CPU
		{8D63A316-9899-4260-A22F-4B04159B3FE4}.Release|Any CPU.ActiveCfg = Release|Any CPU
		{8D63A316-9899-4260-A22F-4B04159B3FE4}.Release|Any CPU.Build.0 = Release|Any CPU
		{8D63A316-9899-4260-A22F-4B04159B3FE4}.Release|x64.ActiveCfg = Release|Any CPU
		{8D63A316-9899-4260-A22F-4B04159B3FE4}.Release|x64.Build.0 = Release|Any CPU
		{8D63A316-9899-4260-A22F-4B04159B3FE4}.Release|x86.ActiveCfg = Release|Any CPU
		{8D63A316-9899-4260-A22F-4B04159B3FE4}.Release|x86.Build.0 = Release|Any CPU
		{AEC809EA-336E-4631-A8DC-8181ADB09D4F}.Debug|Any CPU.ActiveCfg = Debug|Any CPU
		{AEC809EA-336E-4631-A8DC-8181ADB09D4F}.Debug|Any CPU.Build.0 = Debug|Any CPU
		{AEC809EA-336E-4631-A8DC-8181ADB09D4F}.Debug|x64.ActiveCfg = Debug|Any CPU
		{AEC809EA-336E-4631-A8DC-8181ADB09D4F}.Debug|x64.Build.0 = Debug|Any CPU
		{AEC809EA-336E-4631-A8DC-8181ADB09D4F}.Debug|x86.ActiveCfg = Debug|Any CPU
		{AEC809EA-336E-4631-A8DC-8181ADB09D4F}.Debug|x86.Build.0 = Debug|Any CPU
		{AEC809EA-336E-4631-A8DC-8181ADB09D4F}.Release|Any CPU.ActiveCfg = Release|Any CPU
		{AEC809EA-336E-4631-A8DC-8181ADB09D4F}.Release|Any CPU.Build.0 = Release|Any CPU
		{AEC809EA-336E-4631-A8DC-8181ADB09D4F}.Release|x64.ActiveCfg = Release|Any CPU
		{AEC809EA-336E-4631-A8DC-8181ADB09D4F}.Release|x64.Build.0 = Release|Any CPU
		{AEC809EA-336E-4631-A8DC-8181ADB09D4F}.Release|x86.ActiveCfg = Release|Any CPU
		{AEC809EA-336E-4631-A8DC-8181ADB09D4F}.Release|x86.Build.0 = Release|Any CPU
		{38355781-DD6A-4D9D-9ACF-91AF6BEB1781}.Debug|Any CPU.ActiveCfg = Debug|Any CPU
		{38355781-DD6A-4D9D-9ACF-91AF6BEB1781}.Debug|Any CPU.Build.0 = Debug|Any CPU
		{38355781-DD6A-4D9D-9ACF-91AF6BEB1781}.Debug|x64.ActiveCfg = Debug|Any CPU
		{38355781-DD6A-4D9D-9ACF-91AF6BEB1781}.Debug|x64.Build.0 = Debug|Any CPU
		{38355781-DD6A-4D9D-9ACF-91AF6BEB1781}.Debug|x86.ActiveCfg = Debug|Any CPU
		{38355781-DD6A-4D9D-9ACF-91AF6BEB1781}.Debug|x86.Build.0 = Debug|Any CPU
		{38355781-DD6A-4D9D-9ACF-91AF6BEB1781}.Release|Any CPU.ActiveCfg = Release|Any CPU
		{38355781-DD6A-4D9D-9ACF-91AF6BEB1781}.Release|Any CPU.Build.0 = Release|Any CPU
		{38355781-DD6A-4D9D-9ACF-91AF6BEB1781}.Release|x64.ActiveCfg = Release|Any CPU
		{38355781-DD6A-4D9D-9ACF-91AF6BEB1781}.Release|x64.Build.0 = Release|Any CPU
		{38355781-DD6A-4D9D-9ACF-91AF6BEB1781}.Release|x86.ActiveCfg = Release|Any CPU
		{38355781-DD6A-4D9D-9ACF-91AF6BEB1781}.Release|x86.Build.0 = Release|Any CPU
		{6938E69D-F260-4660-93F3-51513CC3A4DA}.Debug|Any CPU.ActiveCfg = Debug|Any CPU
		{6938E69D-F260-4660-93F3-51513CC3A4DA}.Debug|Any CPU.Build.0 = Debug|Any CPU
		{6938E69D-F260-4660-93F3-51513CC3A4DA}.Debug|x64.ActiveCfg = Debug|Any CPU
		{6938E69D-F260-4660-93F3-51513CC3A4DA}.Debug|x64.Build.0 = Debug|Any CPU
		{6938E69D-F260-4660-93F3-51513CC3A4DA}.Debug|x86.ActiveCfg = Debug|Any CPU
		{6938E69D-F260-4660-93F3-51513CC3A4DA}.Debug|x86.Build.0 = Debug|Any CPU
		{6938E69D-F260-4660-93F3-51513CC3A4DA}.Release|Any CPU.ActiveCfg = Release|Any CPU
		{6938E69D-F260-4660-93F3-51513CC3A4DA}.Release|Any CPU.Build.0 = Release|Any CPU
		{6938E69D-F260-4660-93F3-51513CC3A4DA}.Release|x64.ActiveCfg = Release|Any CPU
		{6938E69D-F260-4660-93F3-51513CC3A4DA}.Release|x64.Build.0 = Release|Any CPU
		{6938E69D-F260-4660-93F3-51513CC3A4DA}.Release|x86.ActiveCfg = Release|Any CPU
		{6938E69D-F260-4660-93F3-51513CC3A4DA}.Release|x86.Build.0 = Release|Any CPU
		{105DA82F-3E8E-4EF8-BAA0-13FA7E360226}.Debug|Any CPU.ActiveCfg = Debug|Any CPU
		{105DA82F-3E8E-4EF8-BAA0-13FA7E360226}.Debug|Any CPU.Build.0 = Debug|Any CPU
		{105DA82F-3E8E-4EF8-BAA0-13FA7E360226}.Debug|x64.ActiveCfg = Debug|Any CPU
		{105DA82F-3E8E-4EF8-BAA0-13FA7E360226}.Debug|x64.Build.0 = Debug|Any CPU
		{105DA82F-3E8E-4EF8-BAA0-13FA7E360226}.Debug|x86.ActiveCfg = Debug|Any CPU
		{105DA82F-3E8E-4EF8-BAA0-13FA7E360226}.Debug|x86.Build.0 = Debug|Any CPU
		{105DA82F-3E8E-4EF8-BAA0-13FA7E360226}.Release|Any CPU.ActiveCfg = Release|Any CPU
		{105DA82F-3E8E-4EF8-BAA0-13FA7E360226}.Release|Any CPU.Build.0 = Release|Any CPU
		{105DA82F-3E8E-4EF8-BAA0-13FA7E360226}.Release|x64.ActiveCfg = Release|Any CPU
		{105DA82F-3E8E-4EF8-BAA0-13FA7E360226}.Release|x64.Build.0 = Release|Any CPU
		{105DA82F-3E8E-4EF8-BAA0-13FA7E360226}.Release|x86.ActiveCfg = Release|Any CPU
		{105DA82F-3E8E-4EF8-BAA0-13FA7E360226}.Release|x86.Build.0 = Release|Any CPU
		{BE386ED9-0AAE-4C64-B5EC-4458E0D6A2BC}.Debug|Any CPU.ActiveCfg = Debug|Any CPU
		{BE386ED9-0AAE-4C64-B5EC-4458E0D6A2BC}.Debug|Any CPU.Build.0 = Debug|Any CPU
		{BE386ED9-0AAE-4C64-B5EC-4458E0D6A2BC}.Debug|x64.ActiveCfg = Debug|Any CPU
		{BE386ED9-0AAE-4C64-B5EC-4458E0D6A2BC}.Debug|x64.Build.0 = Debug|Any CPU
		{BE386ED9-0AAE-4C64-B5EC-4458E0D6A2BC}.Debug|x86.ActiveCfg = Debug|Any CPU
		{BE386ED9-0AAE-4C64-B5EC-4458E0D6A2BC}.Debug|x86.Build.0 = Debug|Any CPU
		{BE386ED9-0AAE-4C64-B5EC-4458E0D6A2BC}.Release|Any CPU.ActiveCfg = Release|Any CPU
		{BE386ED9-0AAE-4C64-B5EC-4458E0D6A2BC}.Release|Any CPU.Build.0 = Release|Any CPU
		{BE386ED9-0AAE-4C64-B5EC-4458E0D6A2BC}.Release|x64.ActiveCfg = Release|Any CPU
		{BE386ED9-0AAE-4C64-B5EC-4458E0D6A2BC}.Release|x64.Build.0 = Release|Any CPU
		{BE386ED9-0AAE-4C64-B5EC-4458E0D6A2BC}.Release|x86.ActiveCfg = Release|Any CPU
		{BE386ED9-0AAE-4C64-B5EC-4458E0D6A2BC}.Release|x86.Build.0 = Release|Any CPU
		{40459373-7F94-4C56-9557-1BA023255C5D}.Debug|Any CPU.ActiveCfg = Debug|Any CPU
		{40459373-7F94-4C56-9557-1BA023255C5D}.Debug|Any CPU.Build.0 = Debug|Any CPU
		{40459373-7F94-4C56-9557-1BA023255C5D}.Debug|x64.ActiveCfg = Debug|Any CPU
		{40459373-7F94-4C56-9557-1BA023255C5D}.Debug|x64.Build.0 = Debug|Any CPU
		{40459373-7F94-4C56-9557-1BA023255C5D}.Debug|x86.ActiveCfg = Debug|Any CPU
		{40459373-7F94-4C56-9557-1BA023255C5D}.Debug|x86.Build.0 = Debug|Any CPU
		{40459373-7F94-4C56-9557-1BA023255C5D}.Release|Any CPU.ActiveCfg = Release|Any CPU
		{40459373-7F94-4C56-9557-1BA023255C5D}.Release|Any CPU.Build.0 = Release|Any CPU
		{40459373-7F94-4C56-9557-1BA023255C5D}.Release|x64.ActiveCfg = Release|Any CPU
		{40459373-7F94-4C56-9557-1BA023255C5D}.Release|x64.Build.0 = Release|Any CPU
		{40459373-7F94-4C56-9557-1BA023255C5D}.Release|x86.ActiveCfg = Release|Any CPU
		{40459373-7F94-4C56-9557-1BA023255C5D}.Release|x86.Build.0 = Release|Any CPU
		{9490FF18-A946-4AB7-AEA5-068A631D1A8B}.Debug|Any CPU.ActiveCfg = Debug|Any CPU
		{9490FF18-A946-4AB7-AEA5-068A631D1A8B}.Debug|Any CPU.Build.0 = Debug|Any CPU
		{9490FF18-A946-4AB7-AEA5-068A631D1A8B}.Debug|x64.ActiveCfg = Debug|Any CPU
		{9490FF18-A946-4AB7-AEA5-068A631D1A8B}.Debug|x64.Build.0 = Debug|Any CPU
		{9490FF18-A946-4AB7-AEA5-068A631D1A8B}.Debug|x86.ActiveCfg = Debug|Any CPU
		{9490FF18-A946-4AB7-AEA5-068A631D1A8B}.Debug|x86.Build.0 = Debug|Any CPU
		{9490FF18-A946-4AB7-AEA5-068A631D1A8B}.Release|Any CPU.ActiveCfg = Release|Any CPU
		{9490FF18-A946-4AB7-AEA5-068A631D1A8B}.Release|Any CPU.Build.0 = Release|Any CPU
		{9490FF18-A946-4AB7-AEA5-068A631D1A8B}.Release|x64.ActiveCfg = Release|Any CPU
		{9490FF18-A946-4AB7-AEA5-068A631D1A8B}.Release|x64.Build.0 = Release|Any CPU
		{9490FF18-A946-4AB7-AEA5-068A631D1A8B}.Release|x86.ActiveCfg = Release|Any CPU
		{9490FF18-A946-4AB7-AEA5-068A631D1A8B}.Release|x86.Build.0 = Release|Any CPU
		{6BDBBE1F-CEC4-42BD-8E9A-84041D268F0A}.Debug|Any CPU.ActiveCfg = Debug|Any CPU
		{6BDBBE1F-CEC4-42BD-8E9A-84041D268F0A}.Debug|Any CPU.Build.0 = Debug|Any CPU
		{6BDBBE1F-CEC4-42BD-8E9A-84041D268F0A}.Debug|x64.ActiveCfg = Debug|Any CPU
		{6BDBBE1F-CEC4-42BD-8E9A-84041D268F0A}.Debug|x64.Build.0 = Debug|Any CPU
		{6BDBBE1F-CEC4-42BD-8E9A-84041D268F0A}.Debug|x86.ActiveCfg = Debug|Any CPU
		{6BDBBE1F-CEC4-42BD-8E9A-84041D268F0A}.Debug|x86.Build.0 = Debug|Any CPU
		{6BDBBE1F-CEC4-42BD-8E9A-84041D268F0A}.Release|Any CPU.ActiveCfg = Release|Any CPU
		{6BDBBE1F-CEC4-42BD-8E9A-84041D268F0A}.Release|Any CPU.Build.0 = Release|Any CPU
		{6BDBBE1F-CEC4-42BD-8E9A-84041D268F0A}.Release|x64.ActiveCfg = Release|Any CPU
		{6BDBBE1F-CEC4-42BD-8E9A-84041D268F0A}.Release|x64.Build.0 = Release|Any CPU
		{6BDBBE1F-CEC4-42BD-8E9A-84041D268F0A}.Release|x86.ActiveCfg = Release|Any CPU
		{6BDBBE1F-CEC4-42BD-8E9A-84041D268F0A}.Release|x86.Build.0 = Release|Any CPU
		{D6009050-FF2B-4E8C-9415-48B508074EFE}.Debug|Any CPU.ActiveCfg = Debug|Any CPU
		{D6009050-FF2B-4E8C-9415-48B508074EFE}.Debug|Any CPU.Build.0 = Debug|Any CPU
		{D6009050-FF2B-4E8C-9415-48B508074EFE}.Debug|x64.ActiveCfg = Debug|Any CPU
		{D6009050-FF2B-4E8C-9415-48B508074EFE}.Debug|x64.Build.0 = Debug|Any CPU
		{D6009050-FF2B-4E8C-9415-48B508074EFE}.Debug|x86.ActiveCfg = Debug|Any CPU
		{D6009050-FF2B-4E8C-9415-48B508074EFE}.Debug|x86.Build.0 = Debug|Any CPU
		{D6009050-FF2B-4E8C-9415-48B508074EFE}.Release|Any CPU.ActiveCfg = Release|Any CPU
		{D6009050-FF2B-4E8C-9415-48B508074EFE}.Release|Any CPU.Build.0 = Release|Any CPU
		{D6009050-FF2B-4E8C-9415-48B508074EFE}.Release|x64.ActiveCfg = Release|Any CPU
		{D6009050-FF2B-4E8C-9415-48B508074EFE}.Release|x64.Build.0 = Release|Any CPU
		{D6009050-FF2B-4E8C-9415-48B508074EFE}.Release|x86.ActiveCfg = Release|Any CPU
		{D6009050-FF2B-4E8C-9415-48B508074EFE}.Release|x86.Build.0 = Release|Any CPU
		{E1783075-E645-4852-BCAD-089BBD74A35B}.Debug|Any CPU.ActiveCfg = Debug|Any CPU
		{E1783075-E645-4852-BCAD-089BBD74A35B}.Debug|Any CPU.Build.0 = Debug|Any CPU
		{E1783075-E645-4852-BCAD-089BBD74A35B}.Debug|x64.ActiveCfg = Debug|Any CPU
		{E1783075-E645-4852-BCAD-089BBD74A35B}.Debug|x64.Build.0 = Debug|Any CPU
		{E1783075-E645-4852-BCAD-089BBD74A35B}.Debug|x86.ActiveCfg = Debug|Any CPU
		{E1783075-E645-4852-BCAD-089BBD74A35B}.Debug|x86.Build.0 = Debug|Any CPU
		{E1783075-E645-4852-BCAD-089BBD74A35B}.Release|Any CPU.ActiveCfg = Release|Any CPU
		{E1783075-E645-4852-BCAD-089BBD74A35B}.Release|Any CPU.Build.0 = Release|Any CPU
		{E1783075-E645-4852-BCAD-089BBD74A35B}.Release|x64.ActiveCfg = Release|Any CPU
		{E1783075-E645-4852-BCAD-089BBD74A35B}.Release|x64.Build.0 = Release|Any CPU
		{E1783075-E645-4852-BCAD-089BBD74A35B}.Release|x86.ActiveCfg = Release|Any CPU
		{E1783075-E645-4852-BCAD-089BBD74A35B}.Release|x86.Build.0 = Release|Any CPU
		{C2CF123A-3FD9-4AFF-B9B6-70DF120C6C34}.Debug|Any CPU.ActiveCfg = Debug|Any CPU
		{C2CF123A-3FD9-4AFF-B9B6-70DF120C6C34}.Debug|Any CPU.Build.0 = Debug|Any CPU
		{C2CF123A-3FD9-4AFF-B9B6-70DF120C6C34}.Debug|x64.ActiveCfg = Debug|Any CPU
		{C2CF123A-3FD9-4AFF-B9B6-70DF120C6C34}.Debug|x64.Build.0 = Debug|Any CPU
		{C2CF123A-3FD9-4AFF-B9B6-70DF120C6C34}.Debug|x86.ActiveCfg = Debug|Any CPU
		{C2CF123A-3FD9-4AFF-B9B6-70DF120C6C34}.Debug|x86.Build.0 = Debug|Any CPU
		{C2CF123A-3FD9-4AFF-B9B6-70DF120C6C34}.Release|Any CPU.ActiveCfg = Release|Any CPU
		{C2CF123A-3FD9-4AFF-B9B6-70DF120C6C34}.Release|Any CPU.Build.0 = Release|Any CPU
		{C2CF123A-3FD9-4AFF-B9B6-70DF120C6C34}.Release|x64.ActiveCfg = Release|Any CPU
		{C2CF123A-3FD9-4AFF-B9B6-70DF120C6C34}.Release|x64.Build.0 = Release|Any CPU
		{C2CF123A-3FD9-4AFF-B9B6-70DF120C6C34}.Release|x86.ActiveCfg = Release|Any CPU
		{C2CF123A-3FD9-4AFF-B9B6-70DF120C6C34}.Release|x86.Build.0 = Release|Any CPU
		{16582066-88DE-4F74-A1F4-B26C1E86E973}.Debug|Any CPU.ActiveCfg = Debug|Any CPU
		{16582066-88DE-4F74-A1F4-B26C1E86E973}.Debug|Any CPU.Build.0 = Debug|Any CPU
		{16582066-88DE-4F74-A1F4-B26C1E86E973}.Debug|x64.ActiveCfg = Debug|Any CPU
		{16582066-88DE-4F74-A1F4-B26C1E86E973}.Debug|x64.Build.0 = Debug|Any CPU
		{16582066-88DE-4F74-A1F4-B26C1E86E973}.Debug|x86.ActiveCfg = Debug|Any CPU
		{16582066-88DE-4F74-A1F4-B26C1E86E973}.Debug|x86.Build.0 = Debug|Any CPU
		{16582066-88DE-4F74-A1F4-B26C1E86E973}.Release|Any CPU.ActiveCfg = Release|Any CPU
		{16582066-88DE-4F74-A1F4-B26C1E86E973}.Release|Any CPU.Build.0 = Release|Any CPU
		{16582066-88DE-4F74-A1F4-B26C1E86E973}.Release|x64.ActiveCfg = Release|Any CPU
		{16582066-88DE-4F74-A1F4-B26C1E86E973}.Release|x64.Build.0 = Release|Any CPU
		{16582066-88DE-4F74-A1F4-B26C1E86E973}.Release|x86.ActiveCfg = Release|Any CPU
		{16582066-88DE-4F74-A1F4-B26C1E86E973}.Release|x86.Build.0 = Release|Any CPU
		{6BA00F3F-0873-42CA-B403-005BA6F8CB5C}.Debug|Any CPU.ActiveCfg = Debug|Any CPU
		{6BA00F3F-0873-42CA-B403-005BA6F8CB5C}.Debug|Any CPU.Build.0 = Debug|Any CPU
		{6BA00F3F-0873-42CA-B403-005BA6F8CB5C}.Debug|x64.ActiveCfg = Debug|Any CPU
		{6BA00F3F-0873-42CA-B403-005BA6F8CB5C}.Debug|x64.Build.0 = Debug|Any CPU
		{6BA00F3F-0873-42CA-B403-005BA6F8CB5C}.Debug|x86.ActiveCfg = Debug|Any CPU
		{6BA00F3F-0873-42CA-B403-005BA6F8CB5C}.Debug|x86.Build.0 = Debug|Any CPU
		{6BA00F3F-0873-42CA-B403-005BA6F8CB5C}.Release|Any CPU.ActiveCfg = Release|Any CPU
		{6BA00F3F-0873-42CA-B403-005BA6F8CB5C}.Release|Any CPU.Build.0 = Release|Any CPU
		{6BA00F3F-0873-42CA-B403-005BA6F8CB5C}.Release|x64.ActiveCfg = Release|Any CPU
		{6BA00F3F-0873-42CA-B403-005BA6F8CB5C}.Release|x64.Build.0 = Release|Any CPU
		{6BA00F3F-0873-42CA-B403-005BA6F8CB5C}.Release|x86.ActiveCfg = Release|Any CPU
		{6BA00F3F-0873-42CA-B403-005BA6F8CB5C}.Release|x86.Build.0 = Release|Any CPU
		{25DFD91A-E4E8-4C90-99D3-F43B1D56B1ED}.Debug|Any CPU.ActiveCfg = Debug|Any CPU
		{25DFD91A-E4E8-4C90-99D3-F43B1D56B1ED}.Debug|Any CPU.Build.0 = Debug|Any CPU
		{25DFD91A-E4E8-4C90-99D3-F43B1D56B1ED}.Debug|x64.ActiveCfg = Debug|Any CPU
		{25DFD91A-E4E8-4C90-99D3-F43B1D56B1ED}.Debug|x64.Build.0 = Debug|Any CPU
		{25DFD91A-E4E8-4C90-99D3-F43B1D56B1ED}.Debug|x86.ActiveCfg = Debug|Any CPU
		{25DFD91A-E4E8-4C90-99D3-F43B1D56B1ED}.Debug|x86.Build.0 = Debug|Any CPU
		{25DFD91A-E4E8-4C90-99D3-F43B1D56B1ED}.Release|Any CPU.ActiveCfg = Release|Any CPU
		{25DFD91A-E4E8-4C90-99D3-F43B1D56B1ED}.Release|Any CPU.Build.0 = Release|Any CPU
		{25DFD91A-E4E8-4C90-99D3-F43B1D56B1ED}.Release|x64.ActiveCfg = Release|Any CPU
		{25DFD91A-E4E8-4C90-99D3-F43B1D56B1ED}.Release|x64.Build.0 = Release|Any CPU
		{25DFD91A-E4E8-4C90-99D3-F43B1D56B1ED}.Release|x86.ActiveCfg = Release|Any CPU
		{25DFD91A-E4E8-4C90-99D3-F43B1D56B1ED}.Release|x86.Build.0 = Release|Any CPU
	EndGlobalSection
	GlobalSection(SolutionProperties) = preSolution
		HideSolutionNode = FALSE
	EndGlobalSection
	GlobalSection(NestedProjects) = preSolution
		{436875B8-F6FA-48DB-9F3C-F1200B9357A4} = {D4C4D1C2-DE9C-AF20-17FD-0A3EB2BFD436}
		{EA783854-6A3F-4AED-B9AD-F479011E55EB} = {D4C4D1C2-DE9C-AF20-17FD-0A3EB2BFD436}
		{4B830916-4C15-4D1F-854C-32EE35AF8CF1} = {4F52FD11-658E-A102-6CD3-7D7C16FFA15B}
		{82ED9CAB-208B-4BD0-8183-E01980C42D3C} = {4F52FD11-658E-A102-6CD3-7D7C16FFA15B}
		{4EADCB06-43BB-4EB9-A033-41A7D830DD14} = {4F52FD11-658E-A102-6CD3-7D7C16FFA15B}
		{25F69885-E368-43F2-B672-83C8D0D921C3} = {4F52FD11-658E-A102-6CD3-7D7C16FFA15B}
		{32E76F86-7024-4963-93C6-2706107448FA} = {4F52FD11-658E-A102-6CD3-7D7C16FFA15B}
		{23C99139-EB49-4841-9D8F-35FDB7515404} = {4F52FD11-658E-A102-6CD3-7D7C16FFA15B}
		{AE519539-68DF-ADE8-2C89-95EEF9B075DC} = {827E0CD3-B72D-47B6-A68D-7590B98EB39B}
		{8D63A316-9899-4260-A22F-4B04159B3FE4} = {AE519539-68DF-ADE8-2C89-95EEF9B075DC}
		{AEC809EA-336E-4631-A8DC-8181ADB09D4F} = {AE519539-68DF-ADE8-2C89-95EEF9B075DC}
		{38355781-DD6A-4D9D-9ACF-91AF6BEB1781} = {AE519539-68DF-ADE8-2C89-95EEF9B075DC}
		{6938E69D-F260-4660-93F3-51513CC3A4DA} = {AE519539-68DF-ADE8-2C89-95EEF9B075DC}
		{70BAA7F9-7914-E584-5739-8B02C132DCC7} = {827E0CD3-B72D-47B6-A68D-7590B98EB39B}
		{105DA82F-3E8E-4EF8-BAA0-13FA7E360226} = {70BAA7F9-7914-E584-5739-8B02C132DCC7}
		{BE386ED9-0AAE-4C64-B5EC-4458E0D6A2BC} = {70BAA7F9-7914-E584-5739-8B02C132DCC7}
		{40459373-7F94-4C56-9557-1BA023255C5D} = {70BAA7F9-7914-E584-5739-8B02C132DCC7}
		{9490FF18-A946-4AB7-AEA5-068A631D1A8B} = {70BAA7F9-7914-E584-5739-8B02C132DCC7}
		{6996BBF7-DB31-59BC-C7DD-9A7CCC6138C4} = {827E0CD3-B72D-47B6-A68D-7590B98EB39B}
		{6BDBBE1F-CEC4-42BD-8E9A-84041D268F0A} = {6996BBF7-DB31-59BC-C7DD-9A7CCC6138C4}
		{D6009050-FF2B-4E8C-9415-48B508074EFE} = {0AB3BF05-4346-4AA6-1389-037BE0695223}
		{E1783075-E645-4852-BCAD-089BBD74A35B} = {0AB3BF05-4346-4AA6-1389-037BE0695223}
		{C2CF123A-3FD9-4AFF-B9B6-70DF120C6C34} = {0AB3BF05-4346-4AA6-1389-037BE0695223}
		{16582066-88DE-4F74-A1F4-B26C1E86E973} = {0AB3BF05-4346-4AA6-1389-037BE0695223}
		{6BA00F3F-0873-42CA-B403-005BA6F8CB5C} = {0AB3BF05-4346-4AA6-1389-037BE0695223}
		{25DFD91A-E4E8-4C90-99D3-F43B1D56B1ED} = {0AB3BF05-4346-4AA6-1389-037BE0695223}
	EndGlobalSection
EndGlobal
